// !$*UTF8*$!
{
	archiveVersion = 1;
	classes = {
	};
	objectVersion = 55;
	objects = {

/* Begin PBXBuildFile section */
		824B017228F9B9AE009BEA57 /* UserNotificationClient.swift in Sources */ = {isa = PBXBuildFile; fileRef = 824B017128F9B9AE009BEA57 /* UserNotificationClient.swift */; };
		824B017D28F9E8DB009BEA57 /* UserNotificationClient+Dependency.swift in Sources */ = {isa = PBXBuildFile; fileRef = 824B017C28F9E8DB009BEA57 /* UserNotificationClient+Dependency.swift */; };
		824B017F28F9F07C009BEA57 /* RemoteNotificationsClient.swift in Sources */ = {isa = PBXBuildFile; fileRef = 824B017E28F9F07C009BEA57 /* RemoteNotificationsClient.swift */; };
		824B018128F9F09C009BEA57 /* RemoteNotificationsClient+Dependency.swift in Sources */ = {isa = PBXBuildFile; fileRef = 824B018028F9F09C009BEA57 /* RemoteNotificationsClient+Dependency.swift */; };
		826A5D2128E7E59000ADE473 /* ConversationOnboardingView.swift in Sources */ = {isa = PBXBuildFile; fileRef = 826A5D2028E7E59000ADE473 /* ConversationOnboardingView.swift */; };
		826A5D2928E7EACC00ADE473 /* ConversationOnboarding.swift in Sources */ = {isa = PBXBuildFile; fileRef = 826A5D2828E7EACC00ADE473 /* ConversationOnboarding.swift */; };
		827EEAFF28D4186F0044BCD5 /* IdentityProvider.swift in Sources */ = {isa = PBXBuildFile; fileRef = 827EEAFE28D4186F0044BCD5 /* IdentityProvider.swift */; };
		827EEB0228D419000044BCD5 /* IdentityProvider+Apple.swift in Sources */ = {isa = PBXBuildFile; fileRef = 827EEB0128D419000044BCD5 /* IdentityProvider+Apple.swift */; };
		827EEB0428D8A8140044BCD5 /* IdentityProvider+Mock.swift in Sources */ = {isa = PBXBuildFile; fileRef = 827EEB0328D8A8140044BCD5 /* IdentityProvider+Mock.swift */; };
		827EEB4628E24D3F0044BCD5 /* IdentityProviderError.swift in Sources */ = {isa = PBXBuildFile; fileRef = 827EEB4528E24D3F0044BCD5 /* IdentityProviderError.swift */; };
		827EEB4A28E28CBF0044BCD5 /* SessionStore.swift in Sources */ = {isa = PBXBuildFile; fileRef = 827EEB4928E28CBF0044BCD5 /* SessionStore.swift */; };
		8292BDE128A958B600471B59 /* TowerApp.swift in Sources */ = {isa = PBXBuildFile; fileRef = 8292BDE028A958B600471B59 /* TowerApp.swift */; };
		8292BDE328A958B600471B59 /* ConversationDetailView.swift in Sources */ = {isa = PBXBuildFile; fileRef = 8292BDE228A958B600471B59 /* ConversationDetailView.swift */; };
		8292BDE528A958B700471B59 /* Assets.xcassets in Resources */ = {isa = PBXBuildFile; fileRef = 8292BDE428A958B700471B59 /* Assets.xcassets */; };
		8292BDE828A958B700471B59 /* Preview Assets.xcassets in Resources */ = {isa = PBXBuildFile; fileRef = 8292BDE728A958B700471B59 /* Preview Assets.xcassets */; };
		8292BDF228A958B700471B59 /* TowerTests.swift in Sources */ = {isa = PBXBuildFile; fileRef = 8292BDF128A958B700471B59 /* TowerTests.swift */; };
		8292BDFC28A958B700471B59 /* TowerUITests.swift in Sources */ = {isa = PBXBuildFile; fileRef = 8292BDFB28A958B700471B59 /* TowerUITests.swift */; };
		8292BDFE28A958B700471B59 /* TowerUITestsLaunchTests.swift in Sources */ = {isa = PBXBuildFile; fileRef = 8292BDFD28A958B700471B59 /* TowerUITestsLaunchTests.swift */; };
		829832B828E6975B00A05525 /* User+Extension.swift in Sources */ = {isa = PBXBuildFile; fileRef = 829832B728E6975B00A05525 /* User+Extension.swift */; };
		829832BF28E7267600A05525 /* ComposableArchitecture in Frameworks */ = {isa = PBXBuildFile; productRef = 829832BE28E7267600A05525 /* ComposableArchitecture */; };
		82B3548128E8AF0900DFE825 /* NotificationsListView.swift in Sources */ = {isa = PBXBuildFile; fileRef = 82B3547C28E8AF0900DFE825 /* NotificationsListView.swift */; };
		82B3548328E8AF0900DFE825 /* NotificationsList.swift in Sources */ = {isa = PBXBuildFile; fileRef = 82B3547E28E8AF0900DFE825 /* NotificationsList.swift */; };
		82B3548628EA35E500DFE825 /* ProfileImage.swift in Sources */ = {isa = PBXBuildFile; fileRef = 82B3548528EA35E500DFE825 /* ProfileImage.swift */; };
		82B3548E28EBDC1800DFE825 /* OnboardingView.swift in Sources */ = {isa = PBXBuildFile; fileRef = 82B3548928EBDC1800DFE825 /* OnboardingView.swift */; };
		82B3549028EBDC1800DFE825 /* Onboarding.swift in Sources */ = {isa = PBXBuildFile; fileRef = 82B3548B28EBDC1800DFE825 /* Onboarding.swift */; };
		82B3549928EBDC7600DFE825 /* UsernameOnboardingStepView.swift in Sources */ = {isa = PBXBuildFile; fileRef = 82B3549428EBDC7600DFE825 /* UsernameOnboardingStepView.swift */; };
		82B3549B28EBDC7600DFE825 /* UsernameOnboardingStep.swift in Sources */ = {isa = PBXBuildFile; fileRef = 82B3549628EBDC7600DFE825 /* UsernameOnboardingStep.swift */; };
		82B354BA28EBDCC200DFE825 /* AvatarOnboardingStepView.swift in Sources */ = {isa = PBXBuildFile; fileRef = 82B354B528EBDCC200DFE825 /* AvatarOnboardingStepView.swift */; };
		82B354BC28EBDCC200DFE825 /* AvatarOnboardingStep.swift in Sources */ = {isa = PBXBuildFile; fileRef = 82B354B728EBDCC200DFE825 /* AvatarOnboardingStep.swift */; };
		82B354C028EC65F400DFE825 /* PrimaryButtonStyle.swift in Sources */ = {isa = PBXBuildFile; fileRef = 82B354BF28EC65F400DFE825 /* PrimaryButtonStyle.swift */; };
		82B354C228EC674800DFE825 /* SecondaryButtonStyle.swift in Sources */ = {isa = PBXBuildFile; fileRef = 82B354C128EC674800DFE825 /* SecondaryButtonStyle.swift */; };
		82B354C428EC6C3D00DFE825 /* UnderlinedTextField.swift in Sources */ = {isa = PBXBuildFile; fileRef = 82B354C328EC6C3D00DFE825 /* UnderlinedTextField.swift */; };
		82B354CE28ECC1B100DFE825 /* LoggedInView.swift in Sources */ = {isa = PBXBuildFile; fileRef = 82B354C928ECC1B100DFE825 /* LoggedInView.swift */; };
		82B354D028ECC1B100DFE825 /* LoggedIn.swift in Sources */ = {isa = PBXBuildFile; fileRef = 82B354CB28ECC1B100DFE825 /* LoggedIn.swift */; };
		82B354D828ECC45400DFE825 /* AppLoadingView.swift in Sources */ = {isa = PBXBuildFile; fileRef = 82B354D328ECC45400DFE825 /* AppLoadingView.swift */; };
		82B354DA28ECC45400DFE825 /* AppLoading.swift in Sources */ = {isa = PBXBuildFile; fileRef = 82B354D528ECC45400DFE825 /* AppLoading.swift */; };
		82B354DD28ECFEA400DFE825 /* CalloutIcon.swift in Sources */ = {isa = PBXBuildFile; fileRef = 82B354DC28ECFEA400DFE825 /* CalloutIcon.swift */; };
		82B354E528ED094900DFE825 /* NotificationsOnboardingStepView.swift in Sources */ = {isa = PBXBuildFile; fileRef = 82B354E028ED094900DFE825 /* NotificationsOnboardingStepView.swift */; };
		82B354E728ED094900DFE825 /* NotificationsOnboardingStep.swift in Sources */ = {isa = PBXBuildFile; fileRef = 82B354E228ED094900DFE825 /* NotificationsOnboardingStep.swift */; };
		82B354EB28EE016300DFE825 /* CalloutView.swift in Sources */ = {isa = PBXBuildFile; fileRef = 82B354EA28EE016300DFE825 /* CalloutView.swift */; };
		82B94AC728B5BA2700BC8F59 /* ComposeView.swift in Sources */ = {isa = PBXBuildFile; fileRef = 82B94AC628B5BA2700BC8F59 /* ComposeView.swift */; };
		82B94AC928B5BCD300BC8F59 /* Compose.swift in Sources */ = {isa = PBXBuildFile; fileRef = 82B94AC828B5BCD300BC8F59 /* Compose.swift */; };
		82D1453128F633EC00EE202D /* APIClient+Dependency.swift in Sources */ = {isa = PBXBuildFile; fileRef = 82D1453028F633EC00EE202D /* APIClient+Dependency.swift */; };
		82D1453328F6389500EE202D /* Permissions+Dependency.swift in Sources */ = {isa = PBXBuildFile; fileRef = 82D1453228F6389500EE202D /* Permissions+Dependency.swift */; };
		82D1453528F6466F00EE202D /* Permissions+Container.swift in Sources */ = {isa = PBXBuildFile; fileRef = 82D1453428F6466F00EE202D /* Permissions+Container.swift */; };
		82D1453728F64E8700EE202D /* IdentityProvider+Dependency.swift in Sources */ = {isa = PBXBuildFile; fileRef = 82D1453628F64E8700EE202D /* IdentityProvider+Dependency.swift */; };
		82D1453A28F7704A00EE202D /* Starscream in Frameworks */ = {isa = PBXBuildFile; productRef = 82D1453928F7704A00EE202D /* Starscream */; };
		82D1453D28F7708000EE202D /* WebSocketClient.swift in Sources */ = {isa = PBXBuildFile; fileRef = 82D1453C28F7708000EE202D /* WebSocketClient.swift */; };
		82D1454428F7AD8C00EE202D /* L10n.swift in Sources */ = {isa = PBXBuildFile; fileRef = 82D1454328F7AD8C00EE202D /* L10n.swift */; };
		82D1454628F7AD9500EE202D /* Assets.swift in Sources */ = {isa = PBXBuildFile; fileRef = 82D1454528F7AD9500EE202D /* Assets.swift */; };
		82D1454B28F7AE3C00EE202D /* Localizable.strings in Resources */ = {isa = PBXBuildFile; fileRef = 82D1454D28F7AE3C00EE202D /* Localizable.strings */; };
		82D1455528F8351300EE202D /* AnyPermission+Notifications.swift in Sources */ = {isa = PBXBuildFile; fileRef = 82D1455228F8351300EE202D /* AnyPermission+Notifications.swift */; };
		82D1455628F8351300EE202D /* AnyPermission+Photos.swift in Sources */ = {isa = PBXBuildFile; fileRef = 82D1455328F8351300EE202D /* AnyPermission+Photos.swift */; };
		82D1455728F8351300EE202D /* AnyPermission.swift in Sources */ = {isa = PBXBuildFile; fileRef = 82D1455428F8351300EE202D /* AnyPermission.swift */; };
		82D35A8528ADCB2700572C52 /* ConversationsView.swift in Sources */ = {isa = PBXBuildFile; fileRef = 82D35A8428ADCB2700572C52 /* ConversationsView.swift */; };
		82D35A9128B1157F00572C52 /* Conversations.swift in Sources */ = {isa = PBXBuildFile; fileRef = 82D35A9028B1157F00572C52 /* Conversations.swift */; };
		82D35A9F28B1501000572C52 /* ConversationDetail.swift in Sources */ = {isa = PBXBuildFile; fileRef = 82D35A9E28B1501000572C52 /* ConversationDetail.swift */; };
		82E9103428F85CC4009A444C /* Optional+Extensions.swift in Sources */ = {isa = PBXBuildFile; fileRef = 82E9103228F85CC3009A444C /* Optional+Extensions.swift */; };
		82E9103528F85CC4009A444C /* TimeInterval+Extension.swift in Sources */ = {isa = PBXBuildFile; fileRef = 82E9103328F85CC4009A444C /* TimeInterval+Extension.swift */; };
		82E9103828F85CDD009A444C /* Identifier.swift in Sources */ = {isa = PBXBuildFile; fileRef = 82E9103728F85CDD009A444C /* Identifier.swift */; };
		82E9104228F85D17009A444C /* Identity.swift in Sources */ = {isa = PBXBuildFile; fileRef = 82E9103A28F85D17009A444C /* Identity.swift */; };
		82E9104328F85D17009A444C /* Session.swift in Sources */ = {isa = PBXBuildFile; fileRef = 82E9103B28F85D17009A444C /* Session.swift */; };
		82E9104528F85D17009A444C /* JWT.swift in Sources */ = {isa = PBXBuildFile; fileRef = 82E9103D28F85D17009A444C /* JWT.swift */; };
		82E9104628F85D17009A444C /* Task.swift in Sources */ = {isa = PBXBuildFile; fileRef = 82E9103E28F85D17009A444C /* Task.swift */; };
		82E9104728F85D17009A444C /* Conversation.swift in Sources */ = {isa = PBXBuildFile; fileRef = 82E9103F28F85D17009A444C /* Conversation.swift */; };
		82E9104828F85D17009A444C /* Message.swift in Sources */ = {isa = PBXBuildFile; fileRef = 82E9104028F85D17009A444C /* Message.swift */; };
		82E9104928F85D17009A444C /* User.swift in Sources */ = {isa = PBXBuildFile; fileRef = 82E9104128F85D17009A444C /* User.swift */; };
		82E9104C28F85D26009A444C /* APIClient.swift in Sources */ = {isa = PBXBuildFile; fileRef = 82E9104A28F85D26009A444C /* APIClient.swift */; };
		82E9104D28F85D26009A444C /* APIError.swift in Sources */ = {isa = PBXBuildFile; fileRef = 82E9104B28F85D26009A444C /* APIError.swift */; };
		82E9105528F8E626009A444C /* APIResultResponse.swift in Sources */ = {isa = PBXBuildFile; fileRef = 82E9105428F8E626009A444C /* APIResultResponse.swift */; };
		82F0178428E510CC00C99740 /* TrackingView.swift in Sources */ = {isa = PBXBuildFile; fileRef = 82F0177F28E510CC00C99740 /* TrackingView.swift */; };
		82F0178628E510CC00C99740 /* Tracking.swift in Sources */ = {isa = PBXBuildFile; fileRef = 82F0178128E510CC00C99740 /* Tracking.swift */; };
		82FCE88B28C5069D00C928E9 /* AuthView.swift in Sources */ = {isa = PBXBuildFile; fileRef = 82FCE88A28C5069D00C928E9 /* AuthView.swift */; };
		82FCE88F28C50E7400C928E9 /* Auth.swift in Sources */ = {isa = PBXBuildFile; fileRef = 82FCE88E28C50E7300C928E9 /* Auth.swift */; };
		82FCE89628C523EC00C928E9 /* RootView.swift in Sources */ = {isa = PBXBuildFile; fileRef = 82FCE89528C523EC00C928E9 /* RootView.swift */; };
		82FCE89828C5242900C928E9 /* Root.swift in Sources */ = {isa = PBXBuildFile; fileRef = 82FCE89728C5242900C928E9 /* Root.swift */; };
		82FCE8A128C56B9100C928E9 /* AppleSignInButton.swift in Sources */ = {isa = PBXBuildFile; fileRef = 82FCE8A028C56B9100C928E9 /* AppleSignInButton.swift */; };
		82FCE8A428C578CA00C928E9 /* AccountView.swift in Sources */ = {isa = PBXBuildFile; fileRef = 82FCE8A328C578CA00C928E9 /* AccountView.swift */; };
		82FCE8A628C578D600C928E9 /* Account.swift in Sources */ = {isa = PBXBuildFile; fileRef = 82FCE8A528C578D600C928E9 /* Account.swift */; };
/* End PBXBuildFile section */

/* Begin PBXContainerItemProxy section */
		8292BDEE28A958B700471B59 /* PBXContainerItemProxy */ = {
			isa = PBXContainerItemProxy;
			containerPortal = 8292BDD528A958B600471B59 /* Project object */;
			proxyType = 1;
			remoteGlobalIDString = 8292BDDC28A958B600471B59;
			remoteInfo = Tower;
		};
		8292BDF828A958B700471B59 /* PBXContainerItemProxy */ = {
			isa = PBXContainerItemProxy;
			containerPortal = 8292BDD528A958B600471B59 /* Project object */;
			proxyType = 1;
			remoteGlobalIDString = 8292BDDC28A958B600471B59;
			remoteInfo = Tower;
		};
/* End PBXContainerItemProxy section */

/* Begin PBXFileReference section */
		824B017128F9B9AE009BEA57 /* UserNotificationClient.swift */ = {isa = PBXFileReference; lastKnownFileType = sourcecode.swift; path = UserNotificationClient.swift; sourceTree = "<group>"; };
		824B017C28F9E8DB009BEA57 /* UserNotificationClient+Dependency.swift */ = {isa = PBXFileReference; lastKnownFileType = sourcecode.swift; path = "UserNotificationClient+Dependency.swift"; sourceTree = "<group>"; };
		824B017E28F9F07C009BEA57 /* RemoteNotificationsClient.swift */ = {isa = PBXFileReference; lastKnownFileType = sourcecode.swift; path = RemoteNotificationsClient.swift; sourceTree = "<group>"; };
		824B018028F9F09C009BEA57 /* RemoteNotificationsClient+Dependency.swift */ = {isa = PBXFileReference; lastKnownFileType = sourcecode.swift; path = "RemoteNotificationsClient+Dependency.swift"; sourceTree = "<group>"; };
		825DD94828F8F89C008CE274 /* Info.plist */ = {isa = PBXFileReference; lastKnownFileType = text.plist; path = Info.plist; sourceTree = "<group>"; };
		826A5D2028E7E59000ADE473 /* ConversationOnboardingView.swift */ = {isa = PBXFileReference; lastKnownFileType = sourcecode.swift; path = ConversationOnboardingView.swift; sourceTree = "<group>"; };
		826A5D2828E7EACC00ADE473 /* ConversationOnboarding.swift */ = {isa = PBXFileReference; lastKnownFileType = sourcecode.swift; path = ConversationOnboarding.swift; sourceTree = "<group>"; };
		827EEAFE28D4186F0044BCD5 /* IdentityProvider.swift */ = {isa = PBXFileReference; lastKnownFileType = sourcecode.swift; path = IdentityProvider.swift; sourceTree = "<group>"; };
		827EEB0128D419000044BCD5 /* IdentityProvider+Apple.swift */ = {isa = PBXFileReference; lastKnownFileType = sourcecode.swift; path = "IdentityProvider+Apple.swift"; sourceTree = "<group>"; };
		827EEB0328D8A8140044BCD5 /* IdentityProvider+Mock.swift */ = {isa = PBXFileReference; lastKnownFileType = sourcecode.swift; path = "IdentityProvider+Mock.swift"; sourceTree = "<group>"; };
		827EEB4528E24D3F0044BCD5 /* IdentityProviderError.swift */ = {isa = PBXFileReference; lastKnownFileType = sourcecode.swift; path = IdentityProviderError.swift; sourceTree = "<group>"; };
		827EEB4728E252C60044BCD5 /* Tower.entitlements */ = {isa = PBXFileReference; lastKnownFileType = text.plist.entitlements; path = Tower.entitlements; sourceTree = "<group>"; };
		827EEB4928E28CBF0044BCD5 /* SessionStore.swift */ = {isa = PBXFileReference; lastKnownFileType = sourcecode.swift; path = SessionStore.swift; sourceTree = "<group>"; };
		8292BDDD28A958B600471B59 /* Tower.app */ = {isa = PBXFileReference; explicitFileType = wrapper.application; includeInIndex = 0; path = Tower.app; sourceTree = BUILT_PRODUCTS_DIR; };
		8292BDE028A958B600471B59 /* TowerApp.swift */ = {isa = PBXFileReference; lastKnownFileType = sourcecode.swift; path = TowerApp.swift; sourceTree = "<group>"; };
		8292BDE228A958B600471B59 /* ConversationDetailView.swift */ = {isa = PBXFileReference; lastKnownFileType = sourcecode.swift; path = ConversationDetailView.swift; sourceTree = "<group>"; };
		8292BDE428A958B700471B59 /* Assets.xcassets */ = {isa = PBXFileReference; lastKnownFileType = folder.assetcatalog; path = Assets.xcassets; sourceTree = "<group>"; };
		8292BDE728A958B700471B59 /* Preview Assets.xcassets */ = {isa = PBXFileReference; lastKnownFileType = folder.assetcatalog; path = "Preview Assets.xcassets"; sourceTree = "<group>"; };
		8292BDED28A958B700471B59 /* TowerTests.xctest */ = {isa = PBXFileReference; explicitFileType = wrapper.cfbundle; includeInIndex = 0; path = TowerTests.xctest; sourceTree = BUILT_PRODUCTS_DIR; };
		8292BDF128A958B700471B59 /* TowerTests.swift */ = {isa = PBXFileReference; lastKnownFileType = sourcecode.swift; path = TowerTests.swift; sourceTree = "<group>"; };
		8292BDF728A958B700471B59 /* TowerUITests.xctest */ = {isa = PBXFileReference; explicitFileType = wrapper.cfbundle; includeInIndex = 0; path = TowerUITests.xctest; sourceTree = BUILT_PRODUCTS_DIR; };
		8292BDFB28A958B700471B59 /* TowerUITests.swift */ = {isa = PBXFileReference; lastKnownFileType = sourcecode.swift; path = TowerUITests.swift; sourceTree = "<group>"; };
		8292BDFD28A958B700471B59 /* TowerUITestsLaunchTests.swift */ = {isa = PBXFileReference; lastKnownFileType = sourcecode.swift; path = TowerUITestsLaunchTests.swift; sourceTree = "<group>"; };
		829832B728E6975B00A05525 /* User+Extension.swift */ = {isa = PBXFileReference; lastKnownFileType = sourcecode.swift; path = "User+Extension.swift"; sourceTree = "<group>"; };
		82B3547C28E8AF0900DFE825 /* NotificationsListView.swift */ = {isa = PBXFileReference; lastKnownFileType = sourcecode.swift; path = NotificationsListView.swift; sourceTree = "<group>"; };
		82B3547E28E8AF0900DFE825 /* NotificationsList.swift */ = {isa = PBXFileReference; lastKnownFileType = sourcecode.swift; path = NotificationsList.swift; sourceTree = "<group>"; };
		82B3548528EA35E500DFE825 /* ProfileImage.swift */ = {isa = PBXFileReference; lastKnownFileType = sourcecode.swift; path = ProfileImage.swift; sourceTree = "<group>"; };
		82B3548928EBDC1800DFE825 /* OnboardingView.swift */ = {isa = PBXFileReference; lastKnownFileType = sourcecode.swift; path = OnboardingView.swift; sourceTree = "<group>"; };
		82B3548B28EBDC1800DFE825 /* Onboarding.swift */ = {isa = PBXFileReference; lastKnownFileType = sourcecode.swift; path = Onboarding.swift; sourceTree = "<group>"; };
		82B3549428EBDC7600DFE825 /* UsernameOnboardingStepView.swift */ = {isa = PBXFileReference; lastKnownFileType = sourcecode.swift; path = UsernameOnboardingStepView.swift; sourceTree = "<group>"; };
		82B3549628EBDC7600DFE825 /* UsernameOnboardingStep.swift */ = {isa = PBXFileReference; lastKnownFileType = sourcecode.swift; path = UsernameOnboardingStep.swift; sourceTree = "<group>"; };
		82B354B528EBDCC200DFE825 /* AvatarOnboardingStepView.swift */ = {isa = PBXFileReference; lastKnownFileType = sourcecode.swift; path = AvatarOnboardingStepView.swift; sourceTree = "<group>"; };
		82B354B728EBDCC200DFE825 /* AvatarOnboardingStep.swift */ = {isa = PBXFileReference; lastKnownFileType = sourcecode.swift; path = AvatarOnboardingStep.swift; sourceTree = "<group>"; };
		82B354BF28EC65F400DFE825 /* PrimaryButtonStyle.swift */ = {isa = PBXFileReference; lastKnownFileType = sourcecode.swift; path = PrimaryButtonStyle.swift; sourceTree = "<group>"; };
		82B354C128EC674800DFE825 /* SecondaryButtonStyle.swift */ = {isa = PBXFileReference; lastKnownFileType = sourcecode.swift; path = SecondaryButtonStyle.swift; sourceTree = "<group>"; };
		82B354C328EC6C3D00DFE825 /* UnderlinedTextField.swift */ = {isa = PBXFileReference; lastKnownFileType = sourcecode.swift; path = UnderlinedTextField.swift; sourceTree = "<group>"; };
		82B354C928ECC1B100DFE825 /* LoggedInView.swift */ = {isa = PBXFileReference; lastKnownFileType = sourcecode.swift; path = LoggedInView.swift; sourceTree = "<group>"; };
		82B354CB28ECC1B100DFE825 /* LoggedIn.swift */ = {isa = PBXFileReference; lastKnownFileType = sourcecode.swift; path = LoggedIn.swift; sourceTree = "<group>"; };
		82B354D328ECC45400DFE825 /* AppLoadingView.swift */ = {isa = PBXFileReference; lastKnownFileType = sourcecode.swift; path = AppLoadingView.swift; sourceTree = "<group>"; };
		82B354D528ECC45400DFE825 /* AppLoading.swift */ = {isa = PBXFileReference; lastKnownFileType = sourcecode.swift; path = AppLoading.swift; sourceTree = "<group>"; };
		82B354DC28ECFEA400DFE825 /* CalloutIcon.swift */ = {isa = PBXFileReference; lastKnownFileType = sourcecode.swift; path = CalloutIcon.swift; sourceTree = "<group>"; };
		82B354E028ED094900DFE825 /* NotificationsOnboardingStepView.swift */ = {isa = PBXFileReference; lastKnownFileType = sourcecode.swift; path = NotificationsOnboardingStepView.swift; sourceTree = "<group>"; };
		82B354E228ED094900DFE825 /* NotificationsOnboardingStep.swift */ = {isa = PBXFileReference; lastKnownFileType = sourcecode.swift; path = NotificationsOnboardingStep.swift; sourceTree = "<group>"; };
		82B354EA28EE016300DFE825 /* CalloutView.swift */ = {isa = PBXFileReference; lastKnownFileType = sourcecode.swift; path = CalloutView.swift; sourceTree = "<group>"; };
		82B94AC628B5BA2700BC8F59 /* ComposeView.swift */ = {isa = PBXFileReference; lastKnownFileType = sourcecode.swift; path = ComposeView.swift; sourceTree = "<group>"; };
		82B94AC828B5BCD300BC8F59 /* Compose.swift */ = {isa = PBXFileReference; lastKnownFileType = sourcecode.swift; path = Compose.swift; sourceTree = "<group>"; };
		82D1453028F633EC00EE202D /* APIClient+Dependency.swift */ = {isa = PBXFileReference; lastKnownFileType = sourcecode.swift; path = "APIClient+Dependency.swift"; sourceTree = "<group>"; };
		82D1453228F6389500EE202D /* Permissions+Dependency.swift */ = {isa = PBXFileReference; lastKnownFileType = sourcecode.swift; path = "Permissions+Dependency.swift"; sourceTree = "<group>"; };
		82D1453428F6466F00EE202D /* Permissions+Container.swift */ = {isa = PBXFileReference; lastKnownFileType = sourcecode.swift; path = "Permissions+Container.swift"; sourceTree = "<group>"; };
		82D1453628F64E8700EE202D /* IdentityProvider+Dependency.swift */ = {isa = PBXFileReference; lastKnownFileType = sourcecode.swift; path = "IdentityProvider+Dependency.swift"; sourceTree = "<group>"; };
		82D1453C28F7708000EE202D /* WebSocketClient.swift */ = {isa = PBXFileReference; lastKnownFileType = sourcecode.swift; path = WebSocketClient.swift; sourceTree = "<group>"; };
		82D1454328F7AD8C00EE202D /* L10n.swift */ = {isa = PBXFileReference; lastKnownFileType = sourcecode.swift; path = L10n.swift; sourceTree = "<group>"; };
		82D1454528F7AD9500EE202D /* Assets.swift */ = {isa = PBXFileReference; lastKnownFileType = sourcecode.swift; path = Assets.swift; sourceTree = "<group>"; };
		82D1454C28F7AE3C00EE202D /* en */ = {isa = PBXFileReference; lastKnownFileType = text.plist.strings; name = en; path = en.lproj/Localizable.strings; sourceTree = "<group>"; };
		82D1455228F8351300EE202D /* AnyPermission+Notifications.swift */ = {isa = PBXFileReference; fileEncoding = 4; lastKnownFileType = sourcecode.swift; path = "AnyPermission+Notifications.swift"; sourceTree = "<group>"; };
		82D1455328F8351300EE202D /* AnyPermission+Photos.swift */ = {isa = PBXFileReference; fileEncoding = 4; lastKnownFileType = sourcecode.swift; path = "AnyPermission+Photos.swift"; sourceTree = "<group>"; };
		82D1455428F8351300EE202D /* AnyPermission.swift */ = {isa = PBXFileReference; fileEncoding = 4; lastKnownFileType = sourcecode.swift; path = AnyPermission.swift; sourceTree = "<group>"; };
		82D35A8428ADCB2700572C52 /* ConversationsView.swift */ = {isa = PBXFileReference; lastKnownFileType = sourcecode.swift; path = ConversationsView.swift; sourceTree = "<group>"; };
		82D35A9028B1157F00572C52 /* Conversations.swift */ = {isa = PBXFileReference; lastKnownFileType = sourcecode.swift; path = Conversations.swift; sourceTree = "<group>"; };
		82D35A9E28B1501000572C52 /* ConversationDetail.swift */ = {isa = PBXFileReference; lastKnownFileType = sourcecode.swift; path = ConversationDetail.swift; sourceTree = "<group>"; };
		82E9103228F85CC3009A444C /* Optional+Extensions.swift */ = {isa = PBXFileReference; fileEncoding = 4; lastKnownFileType = sourcecode.swift; path = "Optional+Extensions.swift"; sourceTree = "<group>"; };
		82E9103328F85CC4009A444C /* TimeInterval+Extension.swift */ = {isa = PBXFileReference; fileEncoding = 4; lastKnownFileType = sourcecode.swift; path = "TimeInterval+Extension.swift"; sourceTree = "<group>"; };
		82E9103728F85CDD009A444C /* Identifier.swift */ = {isa = PBXFileReference; fileEncoding = 4; lastKnownFileType = sourcecode.swift; path = Identifier.swift; sourceTree = "<group>"; };
		82E9103A28F85D17009A444C /* Identity.swift */ = {isa = PBXFileReference; fileEncoding = 4; lastKnownFileType = sourcecode.swift; path = Identity.swift; sourceTree = "<group>"; };
		82E9103B28F85D17009A444C /* Session.swift */ = {isa = PBXFileReference; fileEncoding = 4; lastKnownFileType = sourcecode.swift; path = Session.swift; sourceTree = "<group>"; };
		82E9103D28F85D17009A444C /* JWT.swift */ = {isa = PBXFileReference; fileEncoding = 4; lastKnownFileType = sourcecode.swift; path = JWT.swift; sourceTree = "<group>"; };
		82E9103E28F85D17009A444C /* Task.swift */ = {isa = PBXFileReference; fileEncoding = 4; lastKnownFileType = sourcecode.swift; path = Task.swift; sourceTree = "<group>"; };
		82E9103F28F85D17009A444C /* Conversation.swift */ = {isa = PBXFileReference; fileEncoding = 4; lastKnownFileType = sourcecode.swift; path = Conversation.swift; sourceTree = "<group>"; };
		82E9104028F85D17009A444C /* Message.swift */ = {isa = PBXFileReference; fileEncoding = 4; lastKnownFileType = sourcecode.swift; path = Message.swift; sourceTree = "<group>"; };
		82E9104128F85D17009A444C /* User.swift */ = {isa = PBXFileReference; fileEncoding = 4; lastKnownFileType = sourcecode.swift; path = User.swift; sourceTree = "<group>"; };
		82E9104A28F85D26009A444C /* APIClient.swift */ = {isa = PBXFileReference; fileEncoding = 4; lastKnownFileType = sourcecode.swift; path = APIClient.swift; sourceTree = "<group>"; };
		82E9104B28F85D26009A444C /* APIError.swift */ = {isa = PBXFileReference; fileEncoding = 4; lastKnownFileType = sourcecode.swift; path = APIError.swift; sourceTree = "<group>"; };
		82E9105428F8E626009A444C /* APIResultResponse.swift */ = {isa = PBXFileReference; lastKnownFileType = sourcecode.swift; path = APIResultResponse.swift; sourceTree = "<group>"; };
		82F0177F28E510CC00C99740 /* TrackingView.swift */ = {isa = PBXFileReference; lastKnownFileType = sourcecode.swift; path = TrackingView.swift; sourceTree = "<group>"; };
		82F0178128E510CC00C99740 /* Tracking.swift */ = {isa = PBXFileReference; lastKnownFileType = sourcecode.swift; path = Tracking.swift; sourceTree = "<group>"; };
		82FCE88A28C5069D00C928E9 /* AuthView.swift */ = {isa = PBXFileReference; lastKnownFileType = sourcecode.swift; path = AuthView.swift; sourceTree = "<group>"; };
		82FCE88E28C50E7300C928E9 /* Auth.swift */ = {isa = PBXFileReference; lastKnownFileType = sourcecode.swift; path = Auth.swift; sourceTree = "<group>"; };
		82FCE89528C523EC00C928E9 /* RootView.swift */ = {isa = PBXFileReference; lastKnownFileType = sourcecode.swift; path = RootView.swift; sourceTree = "<group>"; };
		82FCE89728C5242900C928E9 /* Root.swift */ = {isa = PBXFileReference; lastKnownFileType = sourcecode.swift; path = Root.swift; sourceTree = "<group>"; };
		82FCE8A028C56B9100C928E9 /* AppleSignInButton.swift */ = {isa = PBXFileReference; lastKnownFileType = sourcecode.swift; path = AppleSignInButton.swift; sourceTree = "<group>"; };
		82FCE8A328C578CA00C928E9 /* AccountView.swift */ = {isa = PBXFileReference; lastKnownFileType = sourcecode.swift; path = AccountView.swift; sourceTree = "<group>"; };
		82FCE8A528C578D600C928E9 /* Account.swift */ = {isa = PBXFileReference; lastKnownFileType = sourcecode.swift; path = Account.swift; sourceTree = "<group>"; };
/* End PBXFileReference section */

/* Begin PBXFrameworksBuildPhase section */
		8292BDDA28A958B600471B59 /* Frameworks */ = {
			isa = PBXFrameworksBuildPhase;
			buildActionMask = 2147483647;
			files = (
				829832BF28E7267600A05525 /* ComposableArchitecture in Frameworks */,
				82D1453A28F7704A00EE202D /* Starscream in Frameworks */,
			);
			runOnlyForDeploymentPostprocessing = 0;
		};
		8292BDEA28A958B700471B59 /* Frameworks */ = {
			isa = PBXFrameworksBuildPhase;
			buildActionMask = 2147483647;
			files = (
			);
			runOnlyForDeploymentPostprocessing = 0;
		};
		8292BDF428A958B700471B59 /* Frameworks */ = {
			isa = PBXFrameworksBuildPhase;
			buildActionMask = 2147483647;
			files = (
			);
			runOnlyForDeploymentPostprocessing = 0;
		};
/* End PBXFrameworksBuildPhase section */

/* Begin PBXGroup section */
		824B017028F9B985009BEA57 /* Notifications */ = {
			isa = PBXGroup;
			children = (
				824B017E28F9F07C009BEA57 /* RemoteNotificationsClient.swift */,
				824B017128F9B9AE009BEA57 /* UserNotificationClient.swift */,
			);
			path = Notifications;
			sourceTree = "<group>";
		};
		827EEAFD28D418470044BCD5 /* Components */ = {
			isa = PBXGroup;
			children = (
				82D1454E28F833D900EE202D /* API */,
				82E9103628F85CDD009A444C /* Identifier */,
				827EEB0028D418E50044BCD5 /* Identity */,
				824B017028F9B985009BEA57 /* Notifications */,
				82D1455128F8351300EE202D /* Permissions */,
				827EEB4828E28CB20044BCD5 /* Session */,
				82D1453B28F7706D00EE202D /* WebSockets */,
			);
			path = Components;
			sourceTree = "<group>";
		};
		827EEB0028D418E50044BCD5 /* Identity */ = {
			isa = PBXGroup;
			children = (
				82E9103A28F85D17009A444C /* Identity.swift */,
				827EEAFE28D4186F0044BCD5 /* IdentityProvider.swift */,
				827EEB0328D8A8140044BCD5 /* IdentityProvider+Mock.swift */,
				827EEB0128D419000044BCD5 /* IdentityProvider+Apple.swift */,
				827EEB4528E24D3F0044BCD5 /* IdentityProviderError.swift */,
			);
			path = Identity;
			sourceTree = "<group>";
		};
		827EEB4828E28CB20044BCD5 /* Session */ = {
			isa = PBXGroup;
			children = (
				82E9103B28F85D17009A444C /* Session.swift */,
				827EEB4928E28CBF0044BCD5 /* SessionStore.swift */,
			);
			path = Session;
			sourceTree = "<group>";
		};
		8292BDD428A958B600471B59 = {
			isa = PBXGroup;
			children = (
				8292BDDF28A958B600471B59 /* Tower */,
				8292BDF028A958B700471B59 /* TowerTests */,
				8292BDFA28A958B700471B59 /* TowerUITests */,
				8292BDDE28A958B600471B59 /* Products */,
				829832B328E6958700A05525 /* Frameworks */,
			);
			sourceTree = "<group>";
		};
		8292BDDE28A958B600471B59 /* Products */ = {
			isa = PBXGroup;
			children = (
				8292BDDD28A958B600471B59 /* Tower.app */,
				8292BDED28A958B700471B59 /* TowerTests.xctest */,
				8292BDF728A958B700471B59 /* TowerUITests.xctest */,
			);
			name = Products;
			sourceTree = "<group>";
		};
		8292BDDF28A958B600471B59 /* Tower */ = {
			isa = PBXGroup;
			children = (
				825DD94828F8F89C008CE274 /* Info.plist */,
				827EEB4728E252C60044BCD5 /* Tower.entitlements */,
				82D1454728F7ADF900EE202D /* Resources */,
				8292BE0A28A9608A00471B59 /* Sources */,
				8292BDE628A958B700471B59 /* Preview Content */,
			);
			path = Tower;
			sourceTree = "<group>";
		};
		8292BDE628A958B700471B59 /* Preview Content */ = {
			isa = PBXGroup;
			children = (
				8292BDE728A958B700471B59 /* Preview Assets.xcassets */,
			);
			path = "Preview Content";
			sourceTree = "<group>";
		};
		8292BDF028A958B700471B59 /* TowerTests */ = {
			isa = PBXGroup;
			children = (
				8292BDF128A958B700471B59 /* TowerTests.swift */,
			);
			path = TowerTests;
			sourceTree = "<group>";
		};
		8292BDFA28A958B700471B59 /* TowerUITests */ = {
			isa = PBXGroup;
			children = (
				8292BDFB28A958B700471B59 /* TowerUITests.swift */,
				8292BDFD28A958B700471B59 /* TowerUITestsLaunchTests.swift */,
			);
			path = TowerUITests;
			sourceTree = "<group>";
		};
		8292BE0A28A9608A00471B59 /* Sources */ = {
			isa = PBXGroup;
			children = (
				8292BDE028A958B600471B59 /* TowerApp.swift */,
				827EEAFD28D418470044BCD5 /* Components */,
				82F0178C28E5237F00C99740 /* Extensions */,
				82D1454228F7AD7F00EE202D /* Generated */,
				82E9103928F85D0B009A444C /* Models */,
				829832BC28E6A66700A05525 /* Repositories */,
				8292BE0B28A9609000471B59 /* UI */,
			);
			path = Sources;
			sourceTree = "<group>";
		};
		8292BE0B28A9609000471B59 /* UI */ = {
			isa = PBXGroup;
			children = (
				82FCE89428C523D200C928E9 /* Root */,
				82D35A8C28B1154E00572C52 /* States */,
				82B354BE28EC65DC00DFE825 /* Styles */,
				82D35A8628ADCC8F00572C52 /* Views */,
			);
			path = UI;
			sourceTree = "<group>";
		};
		829832B328E6958700A05525 /* Frameworks */ = {
			isa = PBXGroup;
			children = (
			);
			name = Frameworks;
			sourceTree = "<group>";
		};
		829832B628E6975100A05525 /* Models */ = {
			isa = PBXGroup;
			children = (
				829832B728E6975B00A05525 /* User+Extension.swift */,
			);
			path = Models;
			sourceTree = "<group>";
		};
		829832BC28E6A66700A05525 /* Repositories */ = {
			isa = PBXGroup;
			children = (
			);
			path = Repositories;
			sourceTree = "<group>";
		};
		82B3547A28E8AEF600DFE825 /* Notifications */ = {
			isa = PBXGroup;
			children = (
				82B3547C28E8AF0900DFE825 /* NotificationsListView.swift */,
				82B3547E28E8AF0900DFE825 /* NotificationsList.swift */,
			);
			path = Notifications;
			sourceTree = "<group>";
		};
		82B3548728EBDBFE00DFE825 /* Onboarding */ = {
			isa = PBXGroup;
			children = (
				82B354B328EBDCAF00DFE825 /* Avatar */,
				82B354DE28ED092A00DFE825 /* Notifications */,
				82B3549228EBDC6300DFE825 /* Username */,
				82B3548928EBDC1800DFE825 /* OnboardingView.swift */,
				82B3548B28EBDC1800DFE825 /* Onboarding.swift */,
			);
			path = Onboarding;
			sourceTree = "<group>";
		};
		82B3549228EBDC6300DFE825 /* Username */ = {
			isa = PBXGroup;
			children = (
				82B3549428EBDC7600DFE825 /* UsernameOnboardingStepView.swift */,
				82B3549628EBDC7600DFE825 /* UsernameOnboardingStep.swift */,
			);
			path = Username;
			sourceTree = "<group>";
		};
		82B354B328EBDCAF00DFE825 /* Avatar */ = {
			isa = PBXGroup;
			children = (
				82B354B528EBDCC200DFE825 /* AvatarOnboardingStepView.swift */,
				82B354B728EBDCC200DFE825 /* AvatarOnboardingStep.swift */,
			);
			path = Avatar;
			sourceTree = "<group>";
		};
		82B354BE28EC65DC00DFE825 /* Styles */ = {
			isa = PBXGroup;
			children = (
				82B354BF28EC65F400DFE825 /* PrimaryButtonStyle.swift */,
				82B354C128EC674800DFE825 /* SecondaryButtonStyle.swift */,
			);
			path = Styles;
			sourceTree = "<group>";
		};
		82B354C528ECC11900DFE825 /* Logged In */ = {
			isa = PBXGroup;
			children = (
				82FCE8A228C578BD00C928E9 /* Account */,
				82D35A8F28B1156200572C52 /* Compose */,
				82D35A8E28B1155C00572C52 /* Conversation */,
				82D35A8D28B1155700572C52 /* Conversations */,
				82FFF47E28E7E444008FEA93 /* Conversation Onboarding */,
				82B3547A28E8AEF600DFE825 /* Notifications */,
				82D5B00E28E5043A006DB3F3 /* Tracking */,
				82B354C928ECC1B100DFE825 /* LoggedInView.swift */,
				82B354CB28ECC1B100DFE825 /* LoggedIn.swift */,
			);
			path = "Logged In";
			sourceTree = "<group>";
		};
		82B354C628ECC12400DFE825 /* Logged Out */ = {
			isa = PBXGroup;
			children = (
				82FCE88928C5068E00C928E9 /* Auth */,
			);
			path = "Logged Out";
			sourceTree = "<group>";
		};
		82B354C728ECC16200DFE825 /* App Loading */ = {
			isa = PBXGroup;
			children = (
				82B354D328ECC45400DFE825 /* AppLoadingView.swift */,
				82B354D528ECC45400DFE825 /* AppLoading.swift */,
			);
			path = "App Loading";
			sourceTree = "<group>";
		};
		82B354DE28ED092A00DFE825 /* Notifications */ = {
			isa = PBXGroup;
			children = (
				82B354E028ED094900DFE825 /* NotificationsOnboardingStepView.swift */,
				82B354E228ED094900DFE825 /* NotificationsOnboardingStep.swift */,
			);
			path = Notifications;
			sourceTree = "<group>";
		};
		82D1452F28F633DA00EE202D /* Components */ = {
			isa = PBXGroup;
			children = (
				82D1453028F633EC00EE202D /* APIClient+Dependency.swift */,
				82D1453628F64E8700EE202D /* IdentityProvider+Dependency.swift */,
				82D1453428F6466F00EE202D /* Permissions+Container.swift */,
				82D1453228F6389500EE202D /* Permissions+Dependency.swift */,
				824B018028F9F09C009BEA57 /* RemoteNotificationsClient+Dependency.swift */,
				824B017C28F9E8DB009BEA57 /* UserNotificationClient+Dependency.swift */,
			);
			path = Components;
			sourceTree = "<group>";
		};
		82D1453B28F7706D00EE202D /* WebSockets */ = {
			isa = PBXGroup;
			children = (
				82D1453C28F7708000EE202D /* WebSocketClient.swift */,
			);
			path = WebSockets;
			sourceTree = "<group>";
		};
		82D1454228F7AD7F00EE202D /* Generated */ = {
			isa = PBXGroup;
			children = (
				82D1454328F7AD8C00EE202D /* L10n.swift */,
				82D1454528F7AD9500EE202D /* Assets.swift */,
			);
			path = Generated;
			sourceTree = "<group>";
		};
		82D1454728F7ADF900EE202D /* Resources */ = {
			isa = PBXGroup;
			children = (
				82D1454828F7AE0900EE202D /* Strings */,
				8292BDE428A958B700471B59 /* Assets.xcassets */,
			);
			path = Resources;
			sourceTree = "<group>";
		};
		82D1454828F7AE0900EE202D /* Strings */ = {
			isa = PBXGroup;
			children = (
				82D1454D28F7AE3C00EE202D /* Localizable.strings */,
			);
			path = Strings;
			sourceTree = "<group>";
		};
		82D1454E28F833D900EE202D /* API */ = {
			isa = PBXGroup;
			children = (
				82E9104A28F85D26009A444C /* APIClient.swift */,
				82E9104B28F85D26009A444C /* APIError.swift */,
			);
			path = API;
			sourceTree = "<group>";
		};
		82D1455128F8351300EE202D /* Permissions */ = {
			isa = PBXGroup;
			children = (
				82D1455228F8351300EE202D /* AnyPermission+Notifications.swift */,
				82D1455328F8351300EE202D /* AnyPermission+Photos.swift */,
				82D1455428F8351300EE202D /* AnyPermission.swift */,
			);
			path = Permissions;
			sourceTree = "<group>";
		};
		82D35A8628ADCC8F00572C52 /* Views */ = {
			isa = PBXGroup;
			children = (
				82FCE8A028C56B9100C928E9 /* AppleSignInButton.swift */,
				82B3548528EA35E500DFE825 /* ProfileImage.swift */,
				82B354C328EC6C3D00DFE825 /* UnderlinedTextField.swift */,
				82B354DC28ECFEA400DFE825 /* CalloutIcon.swift */,
				82B354EA28EE016300DFE825 /* CalloutView.swift */,
			);
			path = Views;
			sourceTree = "<group>";
		};
		82D35A8C28B1154E00572C52 /* States */ = {
			isa = PBXGroup;
			children = (
				82B354C728ECC16200DFE825 /* App Loading */,
				82B354C528ECC11900DFE825 /* Logged In */,
				82B354C628ECC12400DFE825 /* Logged Out */,
				82B3548728EBDBFE00DFE825 /* Onboarding */,
			);
			path = States;
			sourceTree = "<group>";
		};
		82D35A8D28B1155700572C52 /* Conversations */ = {
			isa = PBXGroup;
			children = (
				82D35A8428ADCB2700572C52 /* ConversationsView.swift */,
				82D35A9028B1157F00572C52 /* Conversations.swift */,
			);
			path = Conversations;
			sourceTree = "<group>";
		};
		82D35A8E28B1155C00572C52 /* Conversation */ = {
			isa = PBXGroup;
			children = (
				8292BDE228A958B600471B59 /* ConversationDetailView.swift */,
				82D35A9E28B1501000572C52 /* ConversationDetail.swift */,
			);
			path = Conversation;
			sourceTree = "<group>";
		};
		82D35A8F28B1156200572C52 /* Compose */ = {
			isa = PBXGroup;
			children = (
				82B94AC628B5BA2700BC8F59 /* ComposeView.swift */,
				82B94AC828B5BCD300BC8F59 /* Compose.swift */,
			);
			path = Compose;
			sourceTree = "<group>";
		};
		82D5B00E28E5043A006DB3F3 /* Tracking */ = {
			isa = PBXGroup;
			children = (
				82F0177F28E510CC00C99740 /* TrackingView.swift */,
				82F0178128E510CC00C99740 /* Tracking.swift */,
			);
			path = Tracking;
			sourceTree = "<group>";
		};
		82E9103628F85CDD009A444C /* Identifier */ = {
			isa = PBXGroup;
			children = (
				82E9103728F85CDD009A444C /* Identifier.swift */,
			);
			path = Identifier;
			sourceTree = "<group>";
		};
		82E9103928F85D0B009A444C /* Models */ = {
			isa = PBXGroup;
			children = (
				82E9105328F8E614009A444C /* API */,
				82E9103F28F85D17009A444C /* Conversation.swift */,
				82E9103D28F85D17009A444C /* JWT.swift */,
				82E9104028F85D17009A444C /* Message.swift */,
				82E9103E28F85D17009A444C /* Task.swift */,
				82E9104128F85D17009A444C /* User.swift */,
			);
			path = Models;
			sourceTree = "<group>";
		};
		82E9105328F8E614009A444C /* API */ = {
			isa = PBXGroup;
			children = (
				82E9105428F8E626009A444C /* APIResultResponse.swift */,
			);
			path = API;
			sourceTree = "<group>";
		};
		82F0178C28E5237F00C99740 /* Extensions */ = {
			isa = PBXGroup;
			children = (
				82E9103228F85CC3009A444C /* Optional+Extensions.swift */,
				82E9103328F85CC4009A444C /* TimeInterval+Extension.swift */,
				82D1452F28F633DA00EE202D /* Components */,
				829832B628E6975100A05525 /* Models */,
			);
			path = Extensions;
			sourceTree = "<group>";
		};
		82FCE88928C5068E00C928E9 /* Auth */ = {
			isa = PBXGroup;
			children = (
				82FCE88A28C5069D00C928E9 /* AuthView.swift */,
				82FCE88E28C50E7300C928E9 /* Auth.swift */,
			);
			path = Auth;
			sourceTree = "<group>";
		};
		82FCE89428C523D200C928E9 /* Root */ = {
			isa = PBXGroup;
			children = (
				82FCE89528C523EC00C928E9 /* RootView.swift */,
				82FCE89728C5242900C928E9 /* Root.swift */,
			);
			path = Root;
			sourceTree = "<group>";
		};
		82FCE8A228C578BD00C928E9 /* Account */ = {
			isa = PBXGroup;
			children = (
				82FCE8A328C578CA00C928E9 /* AccountView.swift */,
				82FCE8A528C578D600C928E9 /* Account.swift */,
			);
			path = Account;
			sourceTree = "<group>";
		};
		82FFF47E28E7E444008FEA93 /* Conversation Onboarding */ = {
			isa = PBXGroup;
			children = (
				826A5D2028E7E59000ADE473 /* ConversationOnboardingView.swift */,
				826A5D2828E7EACC00ADE473 /* ConversationOnboarding.swift */,
			);
			path = "Conversation Onboarding";
			sourceTree = "<group>";
		};
/* End PBXGroup section */

/* Begin PBXNativeTarget section */
		8292BDDC28A958B600471B59 /* Tower */ = {
			isa = PBXNativeTarget;
			buildConfigurationList = 8292BE0128A958B700471B59 /* Build configuration list for PBXNativeTarget "Tower" */;
			buildPhases = (
				8292BDD928A958B600471B59 /* Sources */,
				8292BDDA28A958B600471B59 /* Frameworks */,
				8292BDDB28A958B600471B59 /* Resources */,
			);
			buildRules = (
			);
			dependencies = (
			);
			name = Tower;
			packageProductDependencies = (
				829832BE28E7267600A05525 /* ComposableArchitecture */,
				82D1453928F7704A00EE202D /* Starscream */,
			);
			productName = Tower;
			productReference = 8292BDDD28A958B600471B59 /* Tower.app */;
			productType = "com.apple.product-type.application";
		};
		8292BDEC28A958B700471B59 /* TowerTests */ = {
			isa = PBXNativeTarget;
			buildConfigurationList = 8292BE0428A958B700471B59 /* Build configuration list for PBXNativeTarget "TowerTests" */;
			buildPhases = (
				8292BDE928A958B700471B59 /* Sources */,
				8292BDEA28A958B700471B59 /* Frameworks */,
				8292BDEB28A958B700471B59 /* Resources */,
			);
			buildRules = (
			);
			dependencies = (
				8292BDEF28A958B700471B59 /* PBXTargetDependency */,
			);
			name = TowerTests;
			productName = TowerTests;
			productReference = 8292BDED28A958B700471B59 /* TowerTests.xctest */;
			productType = "com.apple.product-type.bundle.unit-test";
		};
		8292BDF628A958B700471B59 /* TowerUITests */ = {
			isa = PBXNativeTarget;
			buildConfigurationList = 8292BE0728A958B700471B59 /* Build configuration list for PBXNativeTarget "TowerUITests" */;
			buildPhases = (
				8292BDF328A958B700471B59 /* Sources */,
				8292BDF428A958B700471B59 /* Frameworks */,
				8292BDF528A958B700471B59 /* Resources */,
			);
			buildRules = (
			);
			dependencies = (
				8292BDF928A958B700471B59 /* PBXTargetDependency */,
			);
			name = TowerUITests;
			productName = TowerUITests;
			productReference = 8292BDF728A958B700471B59 /* TowerUITests.xctest */;
			productType = "com.apple.product-type.bundle.ui-testing";
		};
/* End PBXNativeTarget section */

/* Begin PBXProject section */
		8292BDD528A958B600471B59 /* Project object */ = {
			isa = PBXProject;
			attributes = {
				BuildIndependentTargetsInParallel = 1;
				LastSwiftUpdateCheck = 1340;
				LastUpgradeCheck = 1340;
				TargetAttributes = {
					8292BDDC28A958B600471B59 = {
						CreatedOnToolsVersion = 13.4.1;
					};
					8292BDEC28A958B700471B59 = {
						CreatedOnToolsVersion = 13.4.1;
						TestTargetID = 8292BDDC28A958B600471B59;
					};
					8292BDF628A958B700471B59 = {
						CreatedOnToolsVersion = 13.4.1;
						TestTargetID = 8292BDDC28A958B600471B59;
					};
				};
			};
			buildConfigurationList = 8292BDD828A958B600471B59 /* Build configuration list for PBXProject "Tower" */;
			compatibilityVersion = "Xcode 13.0";
			developmentRegion = en;
			hasScannedForEncodings = 0;
			knownRegions = (
				en,
				Base,
			);
			mainGroup = 8292BDD428A958B600471B59;
			packageReferences = (
				829832BD28E7267600A05525 /* XCRemoteSwiftPackageReference "swift-composable-architecture" */,
				82D1453828F7704A00EE202D /* XCRemoteSwiftPackageReference "Starscream" */,
			);
			productRefGroup = 8292BDDE28A958B600471B59 /* Products */;
			projectDirPath = "";
			projectRoot = "";
			targets = (
				8292BDDC28A958B600471B59 /* Tower */,
				8292BDEC28A958B700471B59 /* TowerTests */,
				8292BDF628A958B700471B59 /* TowerUITests */,
			);
		};
/* End PBXProject section */

/* Begin PBXResourcesBuildPhase section */
		8292BDDB28A958B600471B59 /* Resources */ = {
			isa = PBXResourcesBuildPhase;
			buildActionMask = 2147483647;
			files = (
				8292BDE828A958B700471B59 /* Preview Assets.xcassets in Resources */,
				82D1454B28F7AE3C00EE202D /* Localizable.strings in Resources */,
				8292BDE528A958B700471B59 /* Assets.xcassets in Resources */,
			);
			runOnlyForDeploymentPostprocessing = 0;
		};
		8292BDEB28A958B700471B59 /* Resources */ = {
			isa = PBXResourcesBuildPhase;
			buildActionMask = 2147483647;
			files = (
			);
			runOnlyForDeploymentPostprocessing = 0;
		};
		8292BDF528A958B700471B59 /* Resources */ = {
			isa = PBXResourcesBuildPhase;
			buildActionMask = 2147483647;
			files = (
			);
			runOnlyForDeploymentPostprocessing = 0;
		};
/* End PBXResourcesBuildPhase section */

/* Begin PBXSourcesBuildPhase section */
		8292BDD928A958B600471B59 /* Sources */ = {
			isa = PBXSourcesBuildPhase;
			buildActionMask = 2147483647;
			files = (
				82B354BA28EBDCC200DFE825 /* AvatarOnboardingStepView.swift in Sources */,
				827EEB0228D419000044BCD5 /* IdentityProvider+Apple.swift in Sources */,
				82B354CE28ECC1B100DFE825 /* LoggedInView.swift in Sources */,
				824B017228F9B9AE009BEA57 /* UserNotificationClient.swift in Sources */,
				82F0178628E510CC00C99740 /* Tracking.swift in Sources */,
				82B354DD28ECFEA400DFE825 /* CalloutIcon.swift in Sources */,
				82B354C028EC65F400DFE825 /* PrimaryButtonStyle.swift in Sources */,
				82E9104228F85D17009A444C /* Identity.swift in Sources */,
				827EEB0428D8A8140044BCD5 /* IdentityProvider+Mock.swift in Sources */,
				82B354D028ECC1B100DFE825 /* LoggedIn.swift in Sources */,
				827EEB4A28E28CBF0044BCD5 /* SessionStore.swift in Sources */,
				82D35A8528ADCB2700572C52 /* ConversationsView.swift in Sources */,
				82B3549028EBDC1800DFE825 /* Onboarding.swift in Sources */,
				82D1453328F6389500EE202D /* Permissions+Dependency.swift in Sources */,
				82E9104528F85D17009A444C /* JWT.swift in Sources */,
				82B3549B28EBDC7600DFE825 /* UsernameOnboardingStep.swift in Sources */,
				826A5D2128E7E59000ADE473 /* ConversationOnboardingView.swift in Sources */,
				82E9103828F85CDD009A444C /* Identifier.swift in Sources */,
				82D1453D28F7708000EE202D /* WebSocketClient.swift in Sources */,
				82D35A9128B1157F00572C52 /* Conversations.swift in Sources */,
				82B354C428EC6C3D00DFE825 /* UnderlinedTextField.swift in Sources */,
				82D1453728F64E8700EE202D /* IdentityProvider+Dependency.swift in Sources */,
				82E9104328F85D17009A444C /* Session.swift in Sources */,
				82E9104828F85D17009A444C /* Message.swift in Sources */,
				82B354DA28ECC45400DFE825 /* AppLoading.swift in Sources */,
				82B3548E28EBDC1800DFE825 /* OnboardingView.swift in Sources */,
				824B018128F9F09C009BEA57 /* RemoteNotificationsClient+Dependency.swift in Sources */,
				82B3548328E8AF0900DFE825 /* NotificationsList.swift in Sources */,
				82FCE8A128C56B9100C928E9 /* AppleSignInButton.swift in Sources */,
				82B94AC928B5BCD300BC8F59 /* Compose.swift in Sources */,
				82E9105528F8E626009A444C /* APIResultResponse.swift in Sources */,
				82FCE89628C523EC00C928E9 /* RootView.swift in Sources */,
				82FCE88F28C50E7400C928E9 /* Auth.swift in Sources */,
				82B3549928EBDC7600DFE825 /* UsernameOnboardingStepView.swift in Sources */,
				82E9104928F85D17009A444C /* User.swift in Sources */,
				82D1454628F7AD9500EE202D /* Assets.swift in Sources */,
				8292BDE328A958B600471B59 /* ConversationDetailView.swift in Sources */,
				82B354C228EC674800DFE825 /* SecondaryButtonStyle.swift in Sources */,
				827EEAFF28D4186F0044BCD5 /* IdentityProvider.swift in Sources */,
				82E9104D28F85D26009A444C /* APIError.swift in Sources */,
				82FCE88B28C5069D00C928E9 /* AuthView.swift in Sources */,
				82FCE8A428C578CA00C928E9 /* AccountView.swift in Sources */,
				82B354EB28EE016300DFE825 /* CalloutView.swift in Sources */,
				82D35A9F28B1501000572C52 /* ConversationDetail.swift in Sources */,
				824B017D28F9E8DB009BEA57 /* UserNotificationClient+Dependency.swift in Sources */,
				82E9104728F85D17009A444C /* Conversation.swift in Sources */,
				8292BDE128A958B600471B59 /* TowerApp.swift in Sources */,
				82D1455728F8351300EE202D /* AnyPermission.swift in Sources */,
				82E9104C28F85D26009A444C /* APIClient.swift in Sources */,
				82E9103428F85CC4009A444C /* Optional+Extensions.swift in Sources */,
				82B354E728ED094900DFE825 /* NotificationsOnboardingStep.swift in Sources */,
				82B3548128E8AF0900DFE825 /* NotificationsListView.swift in Sources */,
				82D1455628F8351300EE202D /* AnyPermission+Photos.swift in Sources */,
				82B354D828ECC45400DFE825 /* AppLoadingView.swift in Sources */,
				829832B828E6975B00A05525 /* User+Extension.swift in Sources */,
				826A5D2928E7EACC00ADE473 /* ConversationOnboarding.swift in Sources */,
				827EEB4628E24D3F0044BCD5 /* IdentityProviderError.swift in Sources */,
				82FCE89828C5242900C928E9 /* Root.swift in Sources */,
				82B354E528ED094900DFE825 /* NotificationsOnboardingStepView.swift in Sources */,
				82B94AC728B5BA2700BC8F59 /* ComposeView.swift in Sources */,
				82F0178428E510CC00C99740 /* TrackingView.swift in Sources */,
				82B3548628EA35E500DFE825 /* ProfileImage.swift in Sources */,
				82E9103528F85CC4009A444C /* TimeInterval+Extension.swift in Sources */,
				82B354BC28EBDCC200DFE825 /* AvatarOnboardingStep.swift in Sources */,
				824B017F28F9F07C009BEA57 /* RemoteNotificationsClient.swift in Sources */,
				82D1453528F6466F00EE202D /* Permissions+Container.swift in Sources */,
				82D1455528F8351300EE202D /* AnyPermission+Notifications.swift in Sources */,
				82D1453128F633EC00EE202D /* APIClient+Dependency.swift in Sources */,
				82D1454428F7AD8C00EE202D /* L10n.swift in Sources */,
				82E9104628F85D17009A444C /* Task.swift in Sources */,
				82FCE8A628C578D600C928E9 /* Account.swift in Sources */,
			);
			runOnlyForDeploymentPostprocessing = 0;
		};
		8292BDE928A958B700471B59 /* Sources */ = {
			isa = PBXSourcesBuildPhase;
			buildActionMask = 2147483647;
			files = (
				8292BDF228A958B700471B59 /* TowerTests.swift in Sources */,
			);
			runOnlyForDeploymentPostprocessing = 0;
		};
		8292BDF328A958B700471B59 /* Sources */ = {
			isa = PBXSourcesBuildPhase;
			buildActionMask = 2147483647;
			files = (
				8292BDFE28A958B700471B59 /* TowerUITestsLaunchTests.swift in Sources */,
				8292BDFC28A958B700471B59 /* TowerUITests.swift in Sources */,
			);
			runOnlyForDeploymentPostprocessing = 0;
		};
/* End PBXSourcesBuildPhase section */

/* Begin PBXTargetDependency section */
		8292BDEF28A958B700471B59 /* PBXTargetDependency */ = {
			isa = PBXTargetDependency;
			target = 8292BDDC28A958B600471B59 /* Tower */;
			targetProxy = 8292BDEE28A958B700471B59 /* PBXContainerItemProxy */;
		};
		8292BDF928A958B700471B59 /* PBXTargetDependency */ = {
			isa = PBXTargetDependency;
			target = 8292BDDC28A958B600471B59 /* Tower */;
			targetProxy = 8292BDF828A958B700471B59 /* PBXContainerItemProxy */;
		};
/* End PBXTargetDependency section */

/* Begin PBXVariantGroup section */
		82D1454D28F7AE3C00EE202D /* Localizable.strings */ = {
			isa = PBXVariantGroup;
			children = (
				82D1454C28F7AE3C00EE202D /* en */,
			);
			name = Localizable.strings;
			sourceTree = "<group>";
		};
/* End PBXVariantGroup section */

/* Begin XCBuildConfiguration section */
		8292BDFF28A958B700471B59 /* Debug */ = {
			isa = XCBuildConfiguration;
			buildSettings = {
				ALWAYS_SEARCH_USER_PATHS = NO;
				CLANG_ANALYZER_NONNULL = YES;
				CLANG_ANALYZER_NUMBER_OBJECT_CONVERSION = YES_AGGRESSIVE;
				CLANG_CXX_LANGUAGE_STANDARD = "gnu++17";
				CLANG_ENABLE_MODULES = YES;
				CLANG_ENABLE_OBJC_ARC = YES;
				CLANG_ENABLE_OBJC_WEAK = YES;
				CLANG_WARN_BLOCK_CAPTURE_AUTORELEASING = YES;
				CLANG_WARN_BOOL_CONVERSION = YES;
				CLANG_WARN_COMMA = YES;
				CLANG_WARN_CONSTANT_CONVERSION = YES;
				CLANG_WARN_DEPRECATED_OBJC_IMPLEMENTATIONS = YES;
				CLANG_WARN_DIRECT_OBJC_ISA_USAGE = YES_ERROR;
				CLANG_WARN_DOCUMENTATION_COMMENTS = YES;
				CLANG_WARN_EMPTY_BODY = YES;
				CLANG_WARN_ENUM_CONVERSION = YES;
				CLANG_WARN_INFINITE_RECURSION = YES;
				CLANG_WARN_INT_CONVERSION = YES;
				CLANG_WARN_NON_LITERAL_NULL_CONVERSION = YES;
				CLANG_WARN_OBJC_IMPLICIT_RETAIN_SELF = YES;
				CLANG_WARN_OBJC_LITERAL_CONVERSION = YES;
				CLANG_WARN_OBJC_ROOT_CLASS = YES_ERROR;
				CLANG_WARN_QUOTED_INCLUDE_IN_FRAMEWORK_HEADER = YES;
				CLANG_WARN_RANGE_LOOP_ANALYSIS = YES;
				CLANG_WARN_STRICT_PROTOTYPES = YES;
				CLANG_WARN_SUSPICIOUS_MOVE = YES;
				CLANG_WARN_UNGUARDED_AVAILABILITY = YES_AGGRESSIVE;
				CLANG_WARN_UNREACHABLE_CODE = YES;
				CLANG_WARN__DUPLICATE_METHOD_MATCH = YES;
				COPY_PHASE_STRIP = NO;
				DEBUG_INFORMATION_FORMAT = dwarf;
				ENABLE_STRICT_OBJC_MSGSEND = YES;
				ENABLE_TESTABILITY = YES;
				GCC_C_LANGUAGE_STANDARD = gnu11;
				GCC_DYNAMIC_NO_PIC = NO;
				GCC_NO_COMMON_BLOCKS = YES;
				GCC_OPTIMIZATION_LEVEL = 0;
				GCC_PREPROCESSOR_DEFINITIONS = (
					"DEBUG=1",
					"$(inherited)",
				);
				GCC_WARN_64_TO_32_BIT_CONVERSION = YES;
				GCC_WARN_ABOUT_RETURN_TYPE = YES_ERROR;
				GCC_WARN_UNDECLARED_SELECTOR = YES;
				GCC_WARN_UNINITIALIZED_AUTOS = YES_AGGRESSIVE;
				GCC_WARN_UNUSED_FUNCTION = YES;
				GCC_WARN_UNUSED_VARIABLE = YES;
				IPHONEOS_DEPLOYMENT_TARGET = 16.0;
				MTL_ENABLE_DEBUG_INFO = INCLUDE_SOURCE;
				MTL_FAST_MATH = YES;
				ONLY_ACTIVE_ARCH = YES;
				SDKROOT = iphoneos;
				SWIFT_ACTIVE_COMPILATION_CONDITIONS = DEBUG;
				SWIFT_OPTIMIZATION_LEVEL = "-Onone";
			};
			name = Debug;
		};
		8292BE0028A958B700471B59 /* Release */ = {
			isa = XCBuildConfiguration;
			buildSettings = {
				ALWAYS_SEARCH_USER_PATHS = NO;
				CLANG_ANALYZER_NONNULL = YES;
				CLANG_ANALYZER_NUMBER_OBJECT_CONVERSION = YES_AGGRESSIVE;
				CLANG_CXX_LANGUAGE_STANDARD = "gnu++17";
				CLANG_ENABLE_MODULES = YES;
				CLANG_ENABLE_OBJC_ARC = YES;
				CLANG_ENABLE_OBJC_WEAK = YES;
				CLANG_WARN_BLOCK_CAPTURE_AUTORELEASING = YES;
				CLANG_WARN_BOOL_CONVERSION = YES;
				CLANG_WARN_COMMA = YES;
				CLANG_WARN_CONSTANT_CONVERSION = YES;
				CLANG_WARN_DEPRECATED_OBJC_IMPLEMENTATIONS = YES;
				CLANG_WARN_DIRECT_OBJC_ISA_USAGE = YES_ERROR;
				CLANG_WARN_DOCUMENTATION_COMMENTS = YES;
				CLANG_WARN_EMPTY_BODY = YES;
				CLANG_WARN_ENUM_CONVERSION = YES;
				CLANG_WARN_INFINITE_RECURSION = YES;
				CLANG_WARN_INT_CONVERSION = YES;
				CLANG_WARN_NON_LITERAL_NULL_CONVERSION = YES;
				CLANG_WARN_OBJC_IMPLICIT_RETAIN_SELF = YES;
				CLANG_WARN_OBJC_LITERAL_CONVERSION = YES;
				CLANG_WARN_OBJC_ROOT_CLASS = YES_ERROR;
				CLANG_WARN_QUOTED_INCLUDE_IN_FRAMEWORK_HEADER = YES;
				CLANG_WARN_RANGE_LOOP_ANALYSIS = YES;
				CLANG_WARN_STRICT_PROTOTYPES = YES;
				CLANG_WARN_SUSPICIOUS_MOVE = YES;
				CLANG_WARN_UNGUARDED_AVAILABILITY = YES_AGGRESSIVE;
				CLANG_WARN_UNREACHABLE_CODE = YES;
				CLANG_WARN__DUPLICATE_METHOD_MATCH = YES;
				COPY_PHASE_STRIP = NO;
				DEBUG_INFORMATION_FORMAT = "dwarf-with-dsym";
				ENABLE_NS_ASSERTIONS = NO;
				ENABLE_STRICT_OBJC_MSGSEND = YES;
				GCC_C_LANGUAGE_STANDARD = gnu11;
				GCC_NO_COMMON_BLOCKS = YES;
				GCC_WARN_64_TO_32_BIT_CONVERSION = YES;
				GCC_WARN_ABOUT_RETURN_TYPE = YES_ERROR;
				GCC_WARN_UNDECLARED_SELECTOR = YES;
				GCC_WARN_UNINITIALIZED_AUTOS = YES_AGGRESSIVE;
				GCC_WARN_UNUSED_FUNCTION = YES;
				GCC_WARN_UNUSED_VARIABLE = YES;
				IPHONEOS_DEPLOYMENT_TARGET = 16.0;
				MTL_ENABLE_DEBUG_INFO = NO;
				MTL_FAST_MATH = YES;
				SDKROOT = iphoneos;
				SWIFT_COMPILATION_MODE = wholemodule;
				SWIFT_OPTIMIZATION_LEVEL = "-O";
				VALIDATE_PRODUCT = YES;
			};
			name = Release;
		};
		8292BE0228A958B700471B59 /* Debug */ = {
			isa = XCBuildConfiguration;
			buildSettings = {
				ASSETCATALOG_COMPILER_APPICON_NAME = AppIcon;
				ASSETCATALOG_COMPILER_GLOBAL_ACCENT_COLOR_NAME = AccentColor;
				CODE_SIGN_ENTITLEMENTS = Tower/Tower.entitlements;
				CODE_SIGN_STYLE = Automatic;
				CURRENT_PROJECT_VERSION = 1;
				DEVELOPMENT_ASSET_PATHS = "\"Tower/Preview Content\"";
				DEVELOPMENT_TEAM = 756N86X6Q9;
				ENABLE_PREVIEWS = YES;
				GENERATE_INFOPLIST_FILE = YES;
				INFOPLIST_FILE = Tower/Info.plist;
				INFOPLIST_KEY_NSPhotoLibraryUsageDescription = "Access to your photos is required in order to send message attachments and upload profile images.";
				INFOPLIST_KEY_UIApplicationSceneManifest_Generation = YES;
				INFOPLIST_KEY_UIApplicationSupportsIndirectInputEvents = YES;
				INFOPLIST_KEY_UILaunchScreen_Generation = YES;
				INFOPLIST_KEY_UISupportedInterfaceOrientations = "UIInterfaceOrientationLandscapeLeft UIInterfaceOrientationLandscapeRight UIInterfaceOrientationPortrait";
				INFOPLIST_KEY_UISupportedInterfaceOrientations_iPad = "UIInterfaceOrientationLandscapeLeft UIInterfaceOrientationLandscapeRight UIInterfaceOrientationPortrait UIInterfaceOrientationPortraitUpsideDown";
				LD_RUNPATH_SEARCH_PATHS = (
					"$(inherited)",
					"@executable_path/Frameworks",
				);
				MARKETING_VERSION = 1.0;
				PRODUCT_BUNDLE_IDENTIFIER = com.matcartmill.Tower;
				PRODUCT_NAME = "$(TARGET_NAME)";
				SWIFT_EMIT_LOC_STRINGS = YES;
				SWIFT_VERSION = 5.0;
				TARGETED_DEVICE_FAMILY = "1,2";
			};
			name = Debug;
		};
		8292BE0328A958B700471B59 /* Release */ = {
			isa = XCBuildConfiguration;
			buildSettings = {
				ASSETCATALOG_COMPILER_APPICON_NAME = AppIcon;
				ASSETCATALOG_COMPILER_GLOBAL_ACCENT_COLOR_NAME = AccentColor;
				CODE_SIGN_ENTITLEMENTS = Tower/Tower.entitlements;
				CODE_SIGN_STYLE = Automatic;
				CURRENT_PROJECT_VERSION = 1;
				DEVELOPMENT_ASSET_PATHS = "\"Tower/Preview Content\"";
				DEVELOPMENT_TEAM = 756N86X6Q9;
				ENABLE_PREVIEWS = YES;
				GENERATE_INFOPLIST_FILE = YES;
				INFOPLIST_FILE = Tower/Info.plist;
				INFOPLIST_KEY_NSPhotoLibraryUsageDescription = "Access to your photos is required in order to send message attachments and upload profile images.";
				INFOPLIST_KEY_UIApplicationSceneManifest_Generation = YES;
				INFOPLIST_KEY_UIApplicationSupportsIndirectInputEvents = YES;
				INFOPLIST_KEY_UILaunchScreen_Generation = YES;
				INFOPLIST_KEY_UISupportedInterfaceOrientations = "UIInterfaceOrientationLandscapeLeft UIInterfaceOrientationLandscapeRight UIInterfaceOrientationPortrait";
				INFOPLIST_KEY_UISupportedInterfaceOrientations_iPad = "UIInterfaceOrientationLandscapeLeft UIInterfaceOrientationLandscapeRight UIInterfaceOrientationPortrait UIInterfaceOrientationPortraitUpsideDown";
				LD_RUNPATH_SEARCH_PATHS = (
					"$(inherited)",
					"@executable_path/Frameworks",
				);
				MARKETING_VERSION = 1.0;
				PRODUCT_BUNDLE_IDENTIFIER = com.matcartmill.Tower;
				PRODUCT_NAME = "$(TARGET_NAME)";
				SWIFT_EMIT_LOC_STRINGS = YES;
				SWIFT_VERSION = 5.0;
				TARGETED_DEVICE_FAMILY = "1,2";
			};
			name = Release;
		};
		8292BE0528A958B700471B59 /* Debug */ = {
			isa = XCBuildConfiguration;
			buildSettings = {
				ALWAYS_EMBED_SWIFT_STANDARD_LIBRARIES = YES;
				BUNDLE_LOADER = "$(TEST_HOST)";
				CODE_SIGN_STYLE = Automatic;
				CURRENT_PROJECT_VERSION = 1;
				DEVELOPMENT_TEAM = 756N86X6Q9;
				GENERATE_INFOPLIST_FILE = YES;
				IPHONEOS_DEPLOYMENT_TARGET = 15.5;
				MARKETING_VERSION = 1.0;
				PRODUCT_BUNDLE_IDENTIFIER = com.matcartmill.TowerTests;
				PRODUCT_NAME = "$(TARGET_NAME)";
				SWIFT_EMIT_LOC_STRINGS = NO;
				SWIFT_VERSION = 5.0;
				TARGETED_DEVICE_FAMILY = "1,2";
				TEST_HOST = "$(BUILT_PRODUCTS_DIR)/Tower.app/Tower";
			};
			name = Debug;
		};
		8292BE0628A958B700471B59 /* Release */ = {
			isa = XCBuildConfiguration;
			buildSettings = {
				ALWAYS_EMBED_SWIFT_STANDARD_LIBRARIES = YES;
				BUNDLE_LOADER = "$(TEST_HOST)";
				CODE_SIGN_STYLE = Automatic;
				CURRENT_PROJECT_VERSION = 1;
				DEVELOPMENT_TEAM = 756N86X6Q9;
				GENERATE_INFOPLIST_FILE = YES;
				IPHONEOS_DEPLOYMENT_TARGET = 15.5;
				MARKETING_VERSION = 1.0;
				PRODUCT_BUNDLE_IDENTIFIER = com.matcartmill.TowerTests;
				PRODUCT_NAME = "$(TARGET_NAME)";
				SWIFT_EMIT_LOC_STRINGS = NO;
				SWIFT_VERSION = 5.0;
				TARGETED_DEVICE_FAMILY = "1,2";
				TEST_HOST = "$(BUILT_PRODUCTS_DIR)/Tower.app/Tower";
			};
			name = Release;
		};
		8292BE0828A958B700471B59 /* Debug */ = {
			isa = XCBuildConfiguration;
			buildSettings = {
				ALWAYS_EMBED_SWIFT_STANDARD_LIBRARIES = YES;
				CODE_SIGN_STYLE = Automatic;
				CURRENT_PROJECT_VERSION = 1;
				DEVELOPMENT_TEAM = 756N86X6Q9;
				GENERATE_INFOPLIST_FILE = YES;
				MARKETING_VERSION = 1.0;
				PRODUCT_BUNDLE_IDENTIFIER = com.matcartmill.TowerUITests;
				PRODUCT_NAME = "$(TARGET_NAME)";
				SWIFT_EMIT_LOC_STRINGS = NO;
				SWIFT_VERSION = 5.0;
				TARGETED_DEVICE_FAMILY = "1,2";
				TEST_TARGET_NAME = Tower;
			};
			name = Debug;
		};
		8292BE0928A958B700471B59 /* Release */ = {
			isa = XCBuildConfiguration;
			buildSettings = {
				ALWAYS_EMBED_SWIFT_STANDARD_LIBRARIES = YES;
				CODE_SIGN_STYLE = Automatic;
				CURRENT_PROJECT_VERSION = 1;
				DEVELOPMENT_TEAM = 756N86X6Q9;
				GENERATE_INFOPLIST_FILE = YES;
				MARKETING_VERSION = 1.0;
				PRODUCT_BUNDLE_IDENTIFIER = com.matcartmill.TowerUITests;
				PRODUCT_NAME = "$(TARGET_NAME)";
				SWIFT_EMIT_LOC_STRINGS = NO;
				SWIFT_VERSION = 5.0;
				TARGETED_DEVICE_FAMILY = "1,2";
				TEST_TARGET_NAME = Tower;
			};
			name = Release;
		};
/* End XCBuildConfiguration section */

/* Begin XCConfigurationList section */
		8292BDD828A958B600471B59 /* Build configuration list for PBXProject "Tower" */ = {
			isa = XCConfigurationList;
			buildConfigurations = (
				8292BDFF28A958B700471B59 /* Debug */,
				8292BE0028A958B700471B59 /* Release */,
			);
			defaultConfigurationIsVisible = 0;
			defaultConfigurationName = Release;
		};
		8292BE0128A958B700471B59 /* Build configuration list for PBXNativeTarget "Tower" */ = {
			isa = XCConfigurationList;
			buildConfigurations = (
				8292BE0228A958B700471B59 /* Debug */,
				8292BE0328A958B700471B59 /* Release */,
			);
			defaultConfigurationIsVisible = 0;
			defaultConfigurationName = Release;
		};
		8292BE0428A958B700471B59 /* Build configuration list for PBXNativeTarget "TowerTests" */ = {
			isa = XCConfigurationList;
			buildConfigurations = (
				8292BE0528A958B700471B59 /* Debug */,
				8292BE0628A958B700471B59 /* Release */,
			);
			defaultConfigurationIsVisible = 0;
			defaultConfigurationName = Release;
		};
		8292BE0728A958B700471B59 /* Build configuration list for PBXNativeTarget "TowerUITests" */ = {
			isa = XCConfigurationList;
			buildConfigurations = (
				8292BE0828A958B700471B59 /* Debug */,
				8292BE0928A958B700471B59 /* Release */,
			);
			defaultConfigurationIsVisible = 0;
			defaultConfigurationName = Release;
		};
/* End XCConfigurationList section */

/* Begin XCRemoteSwiftPackageReference section */
		829832BD28E7267600A05525 /* XCRemoteSwiftPackageReference "swift-composable-architecture" */ = {
			isa = XCRemoteSwiftPackageReference;
			repositoryURL = "https://github.com/pointfreeco/swift-composable-architecture";
			requirement = {
				kind = upToNextMajorVersion;
				minimumVersion = 0.39.1;
			};
		};
		82D1453828F7704A00EE202D /* XCRemoteSwiftPackageReference "Starscream" */ = {
			isa = XCRemoteSwiftPackageReference;
			repositoryURL = "https://github.com/daltoniam/Starscream.git";
			requirement = {
				kind = upToNextMajorVersion;
				minimumVersion = 4.0.0;
			};
		};
/* End XCRemoteSwiftPackageReference section */

/* Begin XCSwiftPackageProductDependency section */
		829832BE28E7267600A05525 /* ComposableArchitecture */ = {
			isa = XCSwiftPackageProductDependency;
			package = 829832BD28E7267600A05525 /* XCRemoteSwiftPackageReference "swift-composable-architecture" */;
			productName = ComposableArchitecture;
		};
		82D1453928F7704A00EE202D /* Starscream */ = {
			isa = XCSwiftPackageProductDependency;
			package = 82D1453828F7704A00EE202D /* XCRemoteSwiftPackageReference "Starscream" */;
			productName = Starscream;
		};
/* End XCSwiftPackageProductDependency section */
	};
	rootObject = 8292BDD528A958B600471B59 /* Project object */;
}
