// !$*UTF8*$!
{
	archiveVersion = 1;
	classes = {
	};
	objectVersion = 55;
	objects = {

/* Begin PBXBuildFile section */
		826A5D2128E7E59000ADE473 /* Conversation OnboardingView.swift in Sources */ = {isa = PBXBuildFile; fileRef = 826A5D2028E7E59000ADE473 /* Conversation OnboardingView.swift */; };
		826A5D2328E7E8FF00ADE473 /* Conversation OnboardingState.swift in Sources */ = {isa = PBXBuildFile; fileRef = 826A5D2228E7E8FF00ADE473 /* Conversation OnboardingState.swift */; };
		826A5D2528E7EA4F00ADE473 /* Conversation OnboardingAction.swift in Sources */ = {isa = PBXBuildFile; fileRef = 826A5D2428E7EA4F00ADE473 /* Conversation OnboardingAction.swift */; };
		826A5D2728E7EAAE00ADE473 /* Conversation OnboardingEnvironment.swift in Sources */ = {isa = PBXBuildFile; fileRef = 826A5D2628E7EAAE00ADE473 /* Conversation OnboardingEnvironment.swift */; };
		826A5D2928E7EACC00ADE473 /* Conversation OnboardingReducer.swift in Sources */ = {isa = PBXBuildFile; fileRef = 826A5D2828E7EACC00ADE473 /* Conversation OnboardingReducer.swift */; };
		827EEAFF28D4186F0044BCD5 /* IdentityProvider.swift in Sources */ = {isa = PBXBuildFile; fileRef = 827EEAFE28D4186F0044BCD5 /* IdentityProvider.swift */; };
		827EEB0228D419000044BCD5 /* IdentityProvider+Apple.swift in Sources */ = {isa = PBXBuildFile; fileRef = 827EEB0128D419000044BCD5 /* IdentityProvider+Apple.swift */; };
		827EEB0428D8A8140044BCD5 /* IdentityProvider+Mock.swift in Sources */ = {isa = PBXBuildFile; fileRef = 827EEB0328D8A8140044BCD5 /* IdentityProvider+Mock.swift */; };
		827EEB4628E24D3F0044BCD5 /* IdentityProviderError.swift in Sources */ = {isa = PBXBuildFile; fileRef = 827EEB4528E24D3F0044BCD5 /* IdentityProviderError.swift */; };
		827EEB4A28E28CBF0044BCD5 /* SessionStore.swift in Sources */ = {isa = PBXBuildFile; fileRef = 827EEB4928E28CBF0044BCD5 /* SessionStore.swift */; };
		827EEB4C28E28D350044BCD5 /* Session.swift in Sources */ = {isa = PBXBuildFile; fileRef = 827EEB4B28E28D350044BCD5 /* Session.swift */; };
		827EEB4E28E2906C0044BCD5 /* Identity.swift in Sources */ = {isa = PBXBuildFile; fileRef = 827EEB4D28E2906C0044BCD5 /* Identity.swift */; };
		827EEB7F28E2AAFB0044BCD5 /* SessionGateway.swift in Sources */ = {isa = PBXBuildFile; fileRef = 827EEB7E28E2AAFB0044BCD5 /* SessionGateway.swift */; };
		827EEB8128E2AE0E0044BCD5 /* SessionGateway+Live.swift in Sources */ = {isa = PBXBuildFile; fileRef = 827EEB8028E2AE0E0044BCD5 /* SessionGateway+Live.swift */; };
		827EEB8328E2AE180044BCD5 /* SessionGateway+Mock.swift in Sources */ = {isa = PBXBuildFile; fileRef = 827EEB8228E2AE180044BCD5 /* SessionGateway+Mock.swift */; };
		8292BDE128A958B600471B59 /* TowerApp.swift in Sources */ = {isa = PBXBuildFile; fileRef = 8292BDE028A958B600471B59 /* TowerApp.swift */; };
		8292BDE328A958B600471B59 /* ConversationView.swift in Sources */ = {isa = PBXBuildFile; fileRef = 8292BDE228A958B600471B59 /* ConversationView.swift */; };
		8292BDE528A958B700471B59 /* Assets.xcassets in Resources */ = {isa = PBXBuildFile; fileRef = 8292BDE428A958B700471B59 /* Assets.xcassets */; };
		8292BDE828A958B700471B59 /* Preview Assets.xcassets in Resources */ = {isa = PBXBuildFile; fileRef = 8292BDE728A958B700471B59 /* Preview Assets.xcassets */; };
		8292BDF228A958B700471B59 /* TowerTests.swift in Sources */ = {isa = PBXBuildFile; fileRef = 8292BDF128A958B700471B59 /* TowerTests.swift */; };
		8292BDFC28A958B700471B59 /* TowerUITests.swift in Sources */ = {isa = PBXBuildFile; fileRef = 8292BDFB28A958B700471B59 /* TowerUITests.swift */; };
		8292BDFE28A958B700471B59 /* TowerUITestsLaunchTests.swift in Sources */ = {isa = PBXBuildFile; fileRef = 8292BDFD28A958B700471B59 /* TowerUITestsLaunchTests.swift */; };
		829832B528E6958700A05525 /* DomainKit in Frameworks */ = {isa = PBXBuildFile; productRef = 829832B428E6958700A05525 /* DomainKit */; };
		829832B828E6975B00A05525 /* User+Extension.swift in Sources */ = {isa = PBXBuildFile; fileRef = 829832B728E6975B00A05525 /* User+Extension.swift */; };
		829832BB28E6981900A05525 /* Toolbox in Frameworks */ = {isa = PBXBuildFile; productRef = 829832BA28E6981900A05525 /* Toolbox */; };
		829832BF28E7267600A05525 /* ComposableArchitecture in Frameworks */ = {isa = PBXBuildFile; productRef = 829832BE28E7267600A05525 /* ComposableArchitecture */; };
		82B3548028E8AF0900DFE825 /* NotificationsAction.swift in Sources */ = {isa = PBXBuildFile; fileRef = 82B3547B28E8AF0900DFE825 /* NotificationsAction.swift */; };
		82B3548128E8AF0900DFE825 /* NotificationsView.swift in Sources */ = {isa = PBXBuildFile; fileRef = 82B3547C28E8AF0900DFE825 /* NotificationsView.swift */; };
		82B3548228E8AF0900DFE825 /* NotificationsEnvironment.swift in Sources */ = {isa = PBXBuildFile; fileRef = 82B3547D28E8AF0900DFE825 /* NotificationsEnvironment.swift */; };
		82B3548328E8AF0900DFE825 /* NotificationsReducer.swift in Sources */ = {isa = PBXBuildFile; fileRef = 82B3547E28E8AF0900DFE825 /* NotificationsReducer.swift */; };
		82B3548428E8AF0900DFE825 /* NotificationsState.swift in Sources */ = {isa = PBXBuildFile; fileRef = 82B3547F28E8AF0900DFE825 /* NotificationsState.swift */; };
		82B3548628EA35E500DFE825 /* ProfileImage.swift in Sources */ = {isa = PBXBuildFile; fileRef = 82B3548528EA35E500DFE825 /* ProfileImage.swift */; };
		82B3548D28EBDC1800DFE825 /* OnboardingAction.swift in Sources */ = {isa = PBXBuildFile; fileRef = 82B3548828EBDC1800DFE825 /* OnboardingAction.swift */; };
		82B3548E28EBDC1800DFE825 /* OnboardingView.swift in Sources */ = {isa = PBXBuildFile; fileRef = 82B3548928EBDC1800DFE825 /* OnboardingView.swift */; };
		82B3548F28EBDC1800DFE825 /* OnboardingEnvironment.swift in Sources */ = {isa = PBXBuildFile; fileRef = 82B3548A28EBDC1800DFE825 /* OnboardingEnvironment.swift */; };
		82B3549028EBDC1800DFE825 /* OnboardingReducer.swift in Sources */ = {isa = PBXBuildFile; fileRef = 82B3548B28EBDC1800DFE825 /* OnboardingReducer.swift */; };
		82B3549128EBDC1800DFE825 /* OnboardingState.swift in Sources */ = {isa = PBXBuildFile; fileRef = 82B3548C28EBDC1800DFE825 /* OnboardingState.swift */; };
		82B3549828EBDC7600DFE825 /* OnboardingUsernameAction.swift in Sources */ = {isa = PBXBuildFile; fileRef = 82B3549328EBDC7600DFE825 /* OnboardingUsernameAction.swift */; };
		82B3549928EBDC7600DFE825 /* OnboardingUsernameView.swift in Sources */ = {isa = PBXBuildFile; fileRef = 82B3549428EBDC7600DFE825 /* OnboardingUsernameView.swift */; };
		82B3549A28EBDC7600DFE825 /* OnboardingUsernameEnvironment.swift in Sources */ = {isa = PBXBuildFile; fileRef = 82B3549528EBDC7600DFE825 /* OnboardingUsernameEnvironment.swift */; };
		82B3549B28EBDC7600DFE825 /* OnboardingUsernameReducer.swift in Sources */ = {isa = PBXBuildFile; fileRef = 82B3549628EBDC7600DFE825 /* OnboardingUsernameReducer.swift */; };
		82B3549C28EBDC7600DFE825 /* OnboardingUsernameState.swift in Sources */ = {isa = PBXBuildFile; fileRef = 82B3549728EBDC7600DFE825 /* OnboardingUsernameState.swift */; };
		82B354A328EBDC8F00DFE825 /* OnboardingPrivacyAction.swift in Sources */ = {isa = PBXBuildFile; fileRef = 82B3549E28EBDC8F00DFE825 /* OnboardingPrivacyAction.swift */; };
		82B354A428EBDC8F00DFE825 /* OnboardingPrivacyView.swift in Sources */ = {isa = PBXBuildFile; fileRef = 82B3549F28EBDC8F00DFE825 /* OnboardingPrivacyView.swift */; };
		82B354A528EBDC8F00DFE825 /* OnboardingPrivacyEnvironment.swift in Sources */ = {isa = PBXBuildFile; fileRef = 82B354A028EBDC8F00DFE825 /* OnboardingPrivacyEnvironment.swift */; };
		82B354A628EBDC8F00DFE825 /* OnboardingPrivacyReducer.swift in Sources */ = {isa = PBXBuildFile; fileRef = 82B354A128EBDC8F00DFE825 /* OnboardingPrivacyReducer.swift */; };
		82B354A728EBDC8F00DFE825 /* OnboardingPrivacyState.swift in Sources */ = {isa = PBXBuildFile; fileRef = 82B354A228EBDC8F00DFE825 /* OnboardingPrivacyState.swift */; };
		82B354AE28EBDCA400DFE825 /* OnboardingPermissionsAction.swift in Sources */ = {isa = PBXBuildFile; fileRef = 82B354A928EBDCA400DFE825 /* OnboardingPermissionsAction.swift */; };
		82B354AF28EBDCA400DFE825 /* OnboardingPermissionsView.swift in Sources */ = {isa = PBXBuildFile; fileRef = 82B354AA28EBDCA400DFE825 /* OnboardingPermissionsView.swift */; };
		82B354B028EBDCA400DFE825 /* OnboardingPermissionsEnvironment.swift in Sources */ = {isa = PBXBuildFile; fileRef = 82B354AB28EBDCA400DFE825 /* OnboardingPermissionsEnvironment.swift */; };
		82B354B128EBDCA400DFE825 /* OnboardingPermissionsReducer.swift in Sources */ = {isa = PBXBuildFile; fileRef = 82B354AC28EBDCA400DFE825 /* OnboardingPermissionsReducer.swift */; };
		82B354B228EBDCA400DFE825 /* OnboardingPermissionsState.swift in Sources */ = {isa = PBXBuildFile; fileRef = 82B354AD28EBDCA400DFE825 /* OnboardingPermissionsState.swift */; };
		82B354B928EBDCC200DFE825 /* OnboardingProfilePictureAction.swift in Sources */ = {isa = PBXBuildFile; fileRef = 82B354B428EBDCC200DFE825 /* OnboardingProfilePictureAction.swift */; };
		82B354BA28EBDCC200DFE825 /* OnboardingProfilePictureView.swift in Sources */ = {isa = PBXBuildFile; fileRef = 82B354B528EBDCC200DFE825 /* OnboardingProfilePictureView.swift */; };
		82B354BB28EBDCC200DFE825 /* OnboardingProfilePictureEnvironment.swift in Sources */ = {isa = PBXBuildFile; fileRef = 82B354B628EBDCC200DFE825 /* OnboardingProfilePictureEnvironment.swift */; };
		82B354BC28EBDCC200DFE825 /* OnboardingProfilePictureReducer.swift in Sources */ = {isa = PBXBuildFile; fileRef = 82B354B728EBDCC200DFE825 /* OnboardingProfilePictureReducer.swift */; };
		82B354BD28EBDCC200DFE825 /* OnboardingProfilePictureState.swift in Sources */ = {isa = PBXBuildFile; fileRef = 82B354B828EBDCC200DFE825 /* OnboardingProfilePictureState.swift */; };
		82B354C028EC65F400DFE825 /* PrimaryButtonStyle.swift in Sources */ = {isa = PBXBuildFile; fileRef = 82B354BF28EC65F400DFE825 /* PrimaryButtonStyle.swift */; };
		82B354C228EC674800DFE825 /* SecondaryButtonStyle.swift in Sources */ = {isa = PBXBuildFile; fileRef = 82B354C128EC674800DFE825 /* SecondaryButtonStyle.swift */; };
		82B354C428EC6C3D00DFE825 /* UnderlinedTextField.swift in Sources */ = {isa = PBXBuildFile; fileRef = 82B354C328EC6C3D00DFE825 /* UnderlinedTextField.swift */; };
		82B354CD28ECC1B100DFE825 /* LoggedInAction.swift in Sources */ = {isa = PBXBuildFile; fileRef = 82B354C828ECC1B100DFE825 /* LoggedInAction.swift */; };
		82B354CE28ECC1B100DFE825 /* LoggedInView.swift in Sources */ = {isa = PBXBuildFile; fileRef = 82B354C928ECC1B100DFE825 /* LoggedInView.swift */; };
		82B354CF28ECC1B100DFE825 /* LoggedInEnvironment.swift in Sources */ = {isa = PBXBuildFile; fileRef = 82B354CA28ECC1B100DFE825 /* LoggedInEnvironment.swift */; };
		82B354D028ECC1B100DFE825 /* LoggedInReducer.swift in Sources */ = {isa = PBXBuildFile; fileRef = 82B354CB28ECC1B100DFE825 /* LoggedInReducer.swift */; };
		82B354D128ECC1B100DFE825 /* LoggedInState.swift in Sources */ = {isa = PBXBuildFile; fileRef = 82B354CC28ECC1B100DFE825 /* LoggedInState.swift */; };
		82B354D728ECC45400DFE825 /* AppLoadingAction.swift in Sources */ = {isa = PBXBuildFile; fileRef = 82B354D228ECC45400DFE825 /* AppLoadingAction.swift */; };
		82B354D828ECC45400DFE825 /* AppLoadingView.swift in Sources */ = {isa = PBXBuildFile; fileRef = 82B354D328ECC45400DFE825 /* AppLoadingView.swift */; };
		82B354D928ECC45400DFE825 /* AppLoadingEnvironment.swift in Sources */ = {isa = PBXBuildFile; fileRef = 82B354D428ECC45400DFE825 /* AppLoadingEnvironment.swift */; };
		82B354DA28ECC45400DFE825 /* AppLoadingReducer.swift in Sources */ = {isa = PBXBuildFile; fileRef = 82B354D528ECC45400DFE825 /* AppLoadingReducer.swift */; };
		82B354DB28ECC45400DFE825 /* AppLoadingState.swift in Sources */ = {isa = PBXBuildFile; fileRef = 82B354D628ECC45400DFE825 /* AppLoadingState.swift */; };
		82B94AC728B5BA2700BC8F59 /* ComposeView.swift in Sources */ = {isa = PBXBuildFile; fileRef = 82B94AC628B5BA2700BC8F59 /* ComposeView.swift */; };
		82B94AC928B5BCD300BC8F59 /* ComposeReducer.swift in Sources */ = {isa = PBXBuildFile; fileRef = 82B94AC828B5BCD300BC8F59 /* ComposeReducer.swift */; };
		82B94ACB28B5BCFE00BC8F59 /* ComposeAction.swift in Sources */ = {isa = PBXBuildFile; fileRef = 82B94ACA28B5BCFE00BC8F59 /* ComposeAction.swift */; };
		82B94ACD28B5BD0900BC8F59 /* ComposeEnvironment.swift in Sources */ = {isa = PBXBuildFile; fileRef = 82B94ACC28B5BD0900BC8F59 /* ComposeEnvironment.swift */; };
		82B94ACF28B5BD9300BC8F59 /* ComposeState.swift in Sources */ = {isa = PBXBuildFile; fileRef = 82B94ACE28B5BD9300BC8F59 /* ComposeState.swift */; };
		82D35A8528ADCB2700572C52 /* ConversationsView.swift in Sources */ = {isa = PBXBuildFile; fileRef = 82D35A8428ADCB2700572C52 /* ConversationsView.swift */; };
		82D35A9128B1157F00572C52 /* ConversationsReducer.swift in Sources */ = {isa = PBXBuildFile; fileRef = 82D35A9028B1157F00572C52 /* ConversationsReducer.swift */; };
		82D35A9328B11A3400572C52 /* ConversationsState.swift in Sources */ = {isa = PBXBuildFile; fileRef = 82D35A9228B11A3400572C52 /* ConversationsState.swift */; };
		82D35A9528B11A5300572C52 /* ConversationsAction.swift in Sources */ = {isa = PBXBuildFile; fileRef = 82D35A9428B11A5300572C52 /* ConversationsAction.swift */; };
		82D35A9728B11B5D00572C52 /* ConversationState.swift in Sources */ = {isa = PBXBuildFile; fileRef = 82D35A9628B11B5D00572C52 /* ConversationState.swift */; };
		82D35A9928B11BA100572C52 /* ConversationsEnvironment.swift in Sources */ = {isa = PBXBuildFile; fileRef = 82D35A9828B11BA100572C52 /* ConversationsEnvironment.swift */; };
		82D35A9B28B11BE600572C52 /* ConversationEnvironment.swift in Sources */ = {isa = PBXBuildFile; fileRef = 82D35A9A28B11BE600572C52 /* ConversationEnvironment.swift */; };
		82D35A9D28B14FE800572C52 /* ConversationAction.swift in Sources */ = {isa = PBXBuildFile; fileRef = 82D35A9C28B14FE800572C52 /* ConversationAction.swift */; };
		82D35A9F28B1501000572C52 /* ConversationReducer.swift in Sources */ = {isa = PBXBuildFile; fileRef = 82D35A9E28B1501000572C52 /* ConversationReducer.swift */; };
		82F0178328E510CC00C99740 /* TrackingAction.swift in Sources */ = {isa = PBXBuildFile; fileRef = 82F0177E28E510CC00C99740 /* TrackingAction.swift */; };
		82F0178428E510CC00C99740 /* TrackingView.swift in Sources */ = {isa = PBXBuildFile; fileRef = 82F0177F28E510CC00C99740 /* TrackingView.swift */; };
		82F0178528E510CC00C99740 /* TrackingEnvironment.swift in Sources */ = {isa = PBXBuildFile; fileRef = 82F0178028E510CC00C99740 /* TrackingEnvironment.swift */; };
		82F0178628E510CC00C99740 /* TrackingReducer.swift in Sources */ = {isa = PBXBuildFile; fileRef = 82F0178128E510CC00C99740 /* TrackingReducer.swift */; };
		82F0178728E510CC00C99740 /* TrackingState.swift in Sources */ = {isa = PBXBuildFile; fileRef = 82F0178228E510CC00C99740 /* TrackingState.swift */; };
		82FCE88B28C5069D00C928E9 /* AuthView.swift in Sources */ = {isa = PBXBuildFile; fileRef = 82FCE88A28C5069D00C928E9 /* AuthView.swift */; };
		82FCE88D28C50C0B00C928E9 /* AuthAction.swift in Sources */ = {isa = PBXBuildFile; fileRef = 82FCE88C28C50C0B00C928E9 /* AuthAction.swift */; };
		82FCE88F28C50E7400C928E9 /* AuthReducer.swift in Sources */ = {isa = PBXBuildFile; fileRef = 82FCE88E28C50E7300C928E9 /* AuthReducer.swift */; };
		82FCE89128C50EC900C928E9 /* AuthState.swift in Sources */ = {isa = PBXBuildFile; fileRef = 82FCE89028C50EC900C928E9 /* AuthState.swift */; };
		82FCE89328C50EDE00C928E9 /* AuthEnvironment.swift in Sources */ = {isa = PBXBuildFile; fileRef = 82FCE89228C50EDE00C928E9 /* AuthEnvironment.swift */; };
		82FCE89628C523EC00C928E9 /* AppView.swift in Sources */ = {isa = PBXBuildFile; fileRef = 82FCE89528C523EC00C928E9 /* AppView.swift */; };
		82FCE89828C5242900C928E9 /* AppReducer.swift in Sources */ = {isa = PBXBuildFile; fileRef = 82FCE89728C5242900C928E9 /* AppReducer.swift */; };
		82FCE89A28C5242F00C928E9 /* AppState.swift in Sources */ = {isa = PBXBuildFile; fileRef = 82FCE89928C5242F00C928E9 /* AppState.swift */; };
		82FCE89C28C5243500C928E9 /* AppAction.swift in Sources */ = {isa = PBXBuildFile; fileRef = 82FCE89B28C5243500C928E9 /* AppAction.swift */; };
		82FCE89E28C5243F00C928E9 /* AppEnvironment.swift in Sources */ = {isa = PBXBuildFile; fileRef = 82FCE89D28C5243F00C928E9 /* AppEnvironment.swift */; };
		82FCE8A128C56B9100C928E9 /* AppleSignInButton.swift in Sources */ = {isa = PBXBuildFile; fileRef = 82FCE8A028C56B9100C928E9 /* AppleSignInButton.swift */; };
		82FCE8A428C578CA00C928E9 /* AccountView.swift in Sources */ = {isa = PBXBuildFile; fileRef = 82FCE8A328C578CA00C928E9 /* AccountView.swift */; };
		82FCE8A628C578D600C928E9 /* AccountReducer.swift in Sources */ = {isa = PBXBuildFile; fileRef = 82FCE8A528C578D600C928E9 /* AccountReducer.swift */; };
		82FCE8A828C578DD00C928E9 /* AccountState.swift in Sources */ = {isa = PBXBuildFile; fileRef = 82FCE8A728C578DD00C928E9 /* AccountState.swift */; };
		82FCE8AA28C578EA00C928E9 /* AccountAction.swift in Sources */ = {isa = PBXBuildFile; fileRef = 82FCE8A928C578EA00C928E9 /* AccountAction.swift */; };
		82FCE8AC28C578F300C928E9 /* AccountEnvironment.swift in Sources */ = {isa = PBXBuildFile; fileRef = 82FCE8AB28C578F300C928E9 /* AccountEnvironment.swift */; };
/* End PBXBuildFile section */

/* Begin PBXContainerItemProxy section */
		8292BDEE28A958B700471B59 /* PBXContainerItemProxy */ = {
			isa = PBXContainerItemProxy;
			containerPortal = 8292BDD528A958B600471B59 /* Project object */;
			proxyType = 1;
			remoteGlobalIDString = 8292BDDC28A958B600471B59;
			remoteInfo = Tower;
		};
		8292BDF828A958B700471B59 /* PBXContainerItemProxy */ = {
			isa = PBXContainerItemProxy;
			containerPortal = 8292BDD528A958B600471B59 /* Project object */;
			proxyType = 1;
			remoteGlobalIDString = 8292BDDC28A958B600471B59;
			remoteInfo = Tower;
		};
/* End PBXContainerItemProxy section */

/* Begin PBXFileReference section */
		826A5D2028E7E59000ADE473 /* Conversation OnboardingView.swift */ = {isa = PBXFileReference; lastKnownFileType = sourcecode.swift; path = "Conversation OnboardingView.swift"; sourceTree = "<group>"; };
		826A5D2228E7E8FF00ADE473 /* Conversation OnboardingState.swift */ = {isa = PBXFileReference; lastKnownFileType = sourcecode.swift; path = "Conversation OnboardingState.swift"; sourceTree = "<group>"; };
		826A5D2428E7EA4F00ADE473 /* Conversation OnboardingAction.swift */ = {isa = PBXFileReference; lastKnownFileType = sourcecode.swift; path = "Conversation OnboardingAction.swift"; sourceTree = "<group>"; };
		826A5D2628E7EAAE00ADE473 /* Conversation OnboardingEnvironment.swift */ = {isa = PBXFileReference; lastKnownFileType = sourcecode.swift; path = "Conversation OnboardingEnvironment.swift"; sourceTree = "<group>"; };
		826A5D2828E7EACC00ADE473 /* Conversation OnboardingReducer.swift */ = {isa = PBXFileReference; lastKnownFileType = sourcecode.swift; path = "Conversation OnboardingReducer.swift"; sourceTree = "<group>"; };
		827EEAFE28D4186F0044BCD5 /* IdentityProvider.swift */ = {isa = PBXFileReference; lastKnownFileType = sourcecode.swift; path = IdentityProvider.swift; sourceTree = "<group>"; };
		827EEB0128D419000044BCD5 /* IdentityProvider+Apple.swift */ = {isa = PBXFileReference; lastKnownFileType = sourcecode.swift; path = "IdentityProvider+Apple.swift"; sourceTree = "<group>"; };
		827EEB0328D8A8140044BCD5 /* IdentityProvider+Mock.swift */ = {isa = PBXFileReference; lastKnownFileType = sourcecode.swift; path = "IdentityProvider+Mock.swift"; sourceTree = "<group>"; };
		827EEB4528E24D3F0044BCD5 /* IdentityProviderError.swift */ = {isa = PBXFileReference; lastKnownFileType = sourcecode.swift; path = IdentityProviderError.swift; sourceTree = "<group>"; };
		827EEB4728E252C60044BCD5 /* Tower.entitlements */ = {isa = PBXFileReference; lastKnownFileType = text.plist.entitlements; path = Tower.entitlements; sourceTree = "<group>"; };
		827EEB4928E28CBF0044BCD5 /* SessionStore.swift */ = {isa = PBXFileReference; lastKnownFileType = sourcecode.swift; path = SessionStore.swift; sourceTree = "<group>"; };
		827EEB4B28E28D350044BCD5 /* Session.swift */ = {isa = PBXFileReference; lastKnownFileType = sourcecode.swift; path = Session.swift; sourceTree = "<group>"; };
		827EEB4D28E2906C0044BCD5 /* Identity.swift */ = {isa = PBXFileReference; lastKnownFileType = sourcecode.swift; path = Identity.swift; sourceTree = "<group>"; };
		827EEB7E28E2AAFB0044BCD5 /* SessionGateway.swift */ = {isa = PBXFileReference; lastKnownFileType = sourcecode.swift; path = SessionGateway.swift; sourceTree = "<group>"; };
		827EEB8028E2AE0E0044BCD5 /* SessionGateway+Live.swift */ = {isa = PBXFileReference; lastKnownFileType = sourcecode.swift; path = "SessionGateway+Live.swift"; sourceTree = "<group>"; };
		827EEB8228E2AE180044BCD5 /* SessionGateway+Mock.swift */ = {isa = PBXFileReference; lastKnownFileType = sourcecode.swift; path = "SessionGateway+Mock.swift"; sourceTree = "<group>"; };
		8292BDDD28A958B600471B59 /* Tower.app */ = {isa = PBXFileReference; explicitFileType = wrapper.application; includeInIndex = 0; path = Tower.app; sourceTree = BUILT_PRODUCTS_DIR; };
		8292BDE028A958B600471B59 /* TowerApp.swift */ = {isa = PBXFileReference; lastKnownFileType = sourcecode.swift; path = TowerApp.swift; sourceTree = "<group>"; };
		8292BDE228A958B600471B59 /* ConversationView.swift */ = {isa = PBXFileReference; lastKnownFileType = sourcecode.swift; path = ConversationView.swift; sourceTree = "<group>"; };
		8292BDE428A958B700471B59 /* Assets.xcassets */ = {isa = PBXFileReference; lastKnownFileType = folder.assetcatalog; path = Assets.xcassets; sourceTree = "<group>"; };
		8292BDE728A958B700471B59 /* Preview Assets.xcassets */ = {isa = PBXFileReference; lastKnownFileType = folder.assetcatalog; path = "Preview Assets.xcassets"; sourceTree = "<group>"; };
		8292BDED28A958B700471B59 /* TowerTests.xctest */ = {isa = PBXFileReference; explicitFileType = wrapper.cfbundle; includeInIndex = 0; path = TowerTests.xctest; sourceTree = BUILT_PRODUCTS_DIR; };
		8292BDF128A958B700471B59 /* TowerTests.swift */ = {isa = PBXFileReference; lastKnownFileType = sourcecode.swift; path = TowerTests.swift; sourceTree = "<group>"; };
		8292BDF728A958B700471B59 /* TowerUITests.xctest */ = {isa = PBXFileReference; explicitFileType = wrapper.cfbundle; includeInIndex = 0; path = TowerUITests.xctest; sourceTree = BUILT_PRODUCTS_DIR; };
		8292BDFB28A958B700471B59 /* TowerUITests.swift */ = {isa = PBXFileReference; lastKnownFileType = sourcecode.swift; path = TowerUITests.swift; sourceTree = "<group>"; };
		8292BDFD28A958B700471B59 /* TowerUITestsLaunchTests.swift */ = {isa = PBXFileReference; lastKnownFileType = sourcecode.swift; path = TowerUITestsLaunchTests.swift; sourceTree = "<group>"; };
		829832B228E6953400A05525 /* DomainKit */ = {isa = PBXFileReference; lastKnownFileType = wrapper; path = DomainKit; sourceTree = "<group>"; };
		829832B728E6975B00A05525 /* User+Extension.swift */ = {isa = PBXFileReference; lastKnownFileType = sourcecode.swift; path = "User+Extension.swift"; sourceTree = "<group>"; };
		829832B928E697CA00A05525 /* Toolbox */ = {isa = PBXFileReference; lastKnownFileType = wrapper; path = Toolbox; sourceTree = "<group>"; };
		82B3547B28E8AF0900DFE825 /* NotificationsAction.swift */ = {isa = PBXFileReference; lastKnownFileType = sourcecode.swift; path = NotificationsAction.swift; sourceTree = "<group>"; };
		82B3547C28E8AF0900DFE825 /* NotificationsView.swift */ = {isa = PBXFileReference; lastKnownFileType = sourcecode.swift; path = NotificationsView.swift; sourceTree = "<group>"; };
		82B3547D28E8AF0900DFE825 /* NotificationsEnvironment.swift */ = {isa = PBXFileReference; lastKnownFileType = sourcecode.swift; path = NotificationsEnvironment.swift; sourceTree = "<group>"; };
		82B3547E28E8AF0900DFE825 /* NotificationsReducer.swift */ = {isa = PBXFileReference; lastKnownFileType = sourcecode.swift; path = NotificationsReducer.swift; sourceTree = "<group>"; };
		82B3547F28E8AF0900DFE825 /* NotificationsState.swift */ = {isa = PBXFileReference; lastKnownFileType = sourcecode.swift; path = NotificationsState.swift; sourceTree = "<group>"; };
		82B3548528EA35E500DFE825 /* ProfileImage.swift */ = {isa = PBXFileReference; lastKnownFileType = sourcecode.swift; path = ProfileImage.swift; sourceTree = "<group>"; };
		82B3548828EBDC1800DFE825 /* OnboardingAction.swift */ = {isa = PBXFileReference; lastKnownFileType = sourcecode.swift; path = OnboardingAction.swift; sourceTree = "<group>"; };
		82B3548928EBDC1800DFE825 /* OnboardingView.swift */ = {isa = PBXFileReference; lastKnownFileType = sourcecode.swift; path = OnboardingView.swift; sourceTree = "<group>"; };
		82B3548A28EBDC1800DFE825 /* OnboardingEnvironment.swift */ = {isa = PBXFileReference; lastKnownFileType = sourcecode.swift; path = OnboardingEnvironment.swift; sourceTree = "<group>"; };
		82B3548B28EBDC1800DFE825 /* OnboardingReducer.swift */ = {isa = PBXFileReference; lastKnownFileType = sourcecode.swift; path = OnboardingReducer.swift; sourceTree = "<group>"; };
		82B3548C28EBDC1800DFE825 /* OnboardingState.swift */ = {isa = PBXFileReference; lastKnownFileType = sourcecode.swift; path = OnboardingState.swift; sourceTree = "<group>"; };
		82B3549328EBDC7600DFE825 /* OnboardingUsernameAction.swift */ = {isa = PBXFileReference; lastKnownFileType = sourcecode.swift; path = OnboardingUsernameAction.swift; sourceTree = "<group>"; };
		82B3549428EBDC7600DFE825 /* OnboardingUsernameView.swift */ = {isa = PBXFileReference; lastKnownFileType = sourcecode.swift; path = OnboardingUsernameView.swift; sourceTree = "<group>"; };
		82B3549528EBDC7600DFE825 /* OnboardingUsernameEnvironment.swift */ = {isa = PBXFileReference; lastKnownFileType = sourcecode.swift; path = OnboardingUsernameEnvironment.swift; sourceTree = "<group>"; };
		82B3549628EBDC7600DFE825 /* OnboardingUsernameReducer.swift */ = {isa = PBXFileReference; lastKnownFileType = sourcecode.swift; path = OnboardingUsernameReducer.swift; sourceTree = "<group>"; };
		82B3549728EBDC7600DFE825 /* OnboardingUsernameState.swift */ = {isa = PBXFileReference; lastKnownFileType = sourcecode.swift; path = OnboardingUsernameState.swift; sourceTree = "<group>"; };
		82B3549E28EBDC8F00DFE825 /* OnboardingPrivacyAction.swift */ = {isa = PBXFileReference; lastKnownFileType = sourcecode.swift; path = OnboardingPrivacyAction.swift; sourceTree = "<group>"; };
		82B3549F28EBDC8F00DFE825 /* OnboardingPrivacyView.swift */ = {isa = PBXFileReference; lastKnownFileType = sourcecode.swift; path = OnboardingPrivacyView.swift; sourceTree = "<group>"; };
		82B354A028EBDC8F00DFE825 /* OnboardingPrivacyEnvironment.swift */ = {isa = PBXFileReference; lastKnownFileType = sourcecode.swift; path = OnboardingPrivacyEnvironment.swift; sourceTree = "<group>"; };
		82B354A128EBDC8F00DFE825 /* OnboardingPrivacyReducer.swift */ = {isa = PBXFileReference; lastKnownFileType = sourcecode.swift; path = OnboardingPrivacyReducer.swift; sourceTree = "<group>"; };
		82B354A228EBDC8F00DFE825 /* OnboardingPrivacyState.swift */ = {isa = PBXFileReference; lastKnownFileType = sourcecode.swift; path = OnboardingPrivacyState.swift; sourceTree = "<group>"; };
		82B354A928EBDCA400DFE825 /* OnboardingPermissionsAction.swift */ = {isa = PBXFileReference; lastKnownFileType = sourcecode.swift; path = OnboardingPermissionsAction.swift; sourceTree = "<group>"; };
		82B354AA28EBDCA400DFE825 /* OnboardingPermissionsView.swift */ = {isa = PBXFileReference; lastKnownFileType = sourcecode.swift; path = OnboardingPermissionsView.swift; sourceTree = "<group>"; };
		82B354AB28EBDCA400DFE825 /* OnboardingPermissionsEnvironment.swift */ = {isa = PBXFileReference; lastKnownFileType = sourcecode.swift; path = OnboardingPermissionsEnvironment.swift; sourceTree = "<group>"; };
		82B354AC28EBDCA400DFE825 /* OnboardingPermissionsReducer.swift */ = {isa = PBXFileReference; lastKnownFileType = sourcecode.swift; path = OnboardingPermissionsReducer.swift; sourceTree = "<group>"; };
		82B354AD28EBDCA400DFE825 /* OnboardingPermissionsState.swift */ = {isa = PBXFileReference; lastKnownFileType = sourcecode.swift; path = OnboardingPermissionsState.swift; sourceTree = "<group>"; };
		82B354B428EBDCC200DFE825 /* OnboardingProfilePictureAction.swift */ = {isa = PBXFileReference; lastKnownFileType = sourcecode.swift; path = OnboardingProfilePictureAction.swift; sourceTree = "<group>"; };
		82B354B528EBDCC200DFE825 /* OnboardingProfilePictureView.swift */ = {isa = PBXFileReference; lastKnownFileType = sourcecode.swift; path = OnboardingProfilePictureView.swift; sourceTree = "<group>"; };
		82B354B628EBDCC200DFE825 /* OnboardingProfilePictureEnvironment.swift */ = {isa = PBXFileReference; lastKnownFileType = sourcecode.swift; path = OnboardingProfilePictureEnvironment.swift; sourceTree = "<group>"; };
		82B354B728EBDCC200DFE825 /* OnboardingProfilePictureReducer.swift */ = {isa = PBXFileReference; lastKnownFileType = sourcecode.swift; path = OnboardingProfilePictureReducer.swift; sourceTree = "<group>"; };
		82B354B828EBDCC200DFE825 /* OnboardingProfilePictureState.swift */ = {isa = PBXFileReference; lastKnownFileType = sourcecode.swift; path = OnboardingProfilePictureState.swift; sourceTree = "<group>"; };
		82B354BF28EC65F400DFE825 /* PrimaryButtonStyle.swift */ = {isa = PBXFileReference; lastKnownFileType = sourcecode.swift; path = PrimaryButtonStyle.swift; sourceTree = "<group>"; };
		82B354C128EC674800DFE825 /* SecondaryButtonStyle.swift */ = {isa = PBXFileReference; lastKnownFileType = sourcecode.swift; path = SecondaryButtonStyle.swift; sourceTree = "<group>"; };
		82B354C328EC6C3D00DFE825 /* UnderlinedTextField.swift */ = {isa = PBXFileReference; lastKnownFileType = sourcecode.swift; path = UnderlinedTextField.swift; sourceTree = "<group>"; };
		82B354C828ECC1B100DFE825 /* LoggedInAction.swift */ = {isa = PBXFileReference; lastKnownFileType = sourcecode.swift; path = LoggedInAction.swift; sourceTree = "<group>"; };
		82B354C928ECC1B100DFE825 /* LoggedInView.swift */ = {isa = PBXFileReference; lastKnownFileType = sourcecode.swift; path = LoggedInView.swift; sourceTree = "<group>"; };
		82B354CA28ECC1B100DFE825 /* LoggedInEnvironment.swift */ = {isa = PBXFileReference; lastKnownFileType = sourcecode.swift; path = LoggedInEnvironment.swift; sourceTree = "<group>"; };
		82B354CB28ECC1B100DFE825 /* LoggedInReducer.swift */ = {isa = PBXFileReference; lastKnownFileType = sourcecode.swift; path = LoggedInReducer.swift; sourceTree = "<group>"; };
		82B354CC28ECC1B100DFE825 /* LoggedInState.swift */ = {isa = PBXFileReference; lastKnownFileType = sourcecode.swift; path = LoggedInState.swift; sourceTree = "<group>"; };
		82B354D228ECC45400DFE825 /* AppLoadingAction.swift */ = {isa = PBXFileReference; lastKnownFileType = sourcecode.swift; path = AppLoadingAction.swift; sourceTree = "<group>"; };
		82B354D328ECC45400DFE825 /* AppLoadingView.swift */ = {isa = PBXFileReference; lastKnownFileType = sourcecode.swift; path = AppLoadingView.swift; sourceTree = "<group>"; };
		82B354D428ECC45400DFE825 /* AppLoadingEnvironment.swift */ = {isa = PBXFileReference; lastKnownFileType = sourcecode.swift; path = AppLoadingEnvironment.swift; sourceTree = "<group>"; };
		82B354D528ECC45400DFE825 /* AppLoadingReducer.swift */ = {isa = PBXFileReference; lastKnownFileType = sourcecode.swift; path = AppLoadingReducer.swift; sourceTree = "<group>"; };
		82B354D628ECC45400DFE825 /* AppLoadingState.swift */ = {isa = PBXFileReference; lastKnownFileType = sourcecode.swift; path = AppLoadingState.swift; sourceTree = "<group>"; };
		82B94AC628B5BA2700BC8F59 /* ComposeView.swift */ = {isa = PBXFileReference; lastKnownFileType = sourcecode.swift; path = ComposeView.swift; sourceTree = "<group>"; };
		82B94AC828B5BCD300BC8F59 /* ComposeReducer.swift */ = {isa = PBXFileReference; lastKnownFileType = sourcecode.swift; path = ComposeReducer.swift; sourceTree = "<group>"; };
		82B94ACA28B5BCFE00BC8F59 /* ComposeAction.swift */ = {isa = PBXFileReference; lastKnownFileType = sourcecode.swift; path = ComposeAction.swift; sourceTree = "<group>"; };
		82B94ACC28B5BD0900BC8F59 /* ComposeEnvironment.swift */ = {isa = PBXFileReference; lastKnownFileType = sourcecode.swift; path = ComposeEnvironment.swift; sourceTree = "<group>"; };
		82B94ACE28B5BD9300BC8F59 /* ComposeState.swift */ = {isa = PBXFileReference; lastKnownFileType = sourcecode.swift; path = ComposeState.swift; sourceTree = "<group>"; };
		82D35A8428ADCB2700572C52 /* ConversationsView.swift */ = {isa = PBXFileReference; lastKnownFileType = sourcecode.swift; path = ConversationsView.swift; sourceTree = "<group>"; };
		82D35A9028B1157F00572C52 /* ConversationsReducer.swift */ = {isa = PBXFileReference; lastKnownFileType = sourcecode.swift; path = ConversationsReducer.swift; sourceTree = "<group>"; };
		82D35A9228B11A3400572C52 /* ConversationsState.swift */ = {isa = PBXFileReference; lastKnownFileType = sourcecode.swift; path = ConversationsState.swift; sourceTree = "<group>"; };
		82D35A9428B11A5300572C52 /* ConversationsAction.swift */ = {isa = PBXFileReference; lastKnownFileType = sourcecode.swift; path = ConversationsAction.swift; sourceTree = "<group>"; };
		82D35A9628B11B5D00572C52 /* ConversationState.swift */ = {isa = PBXFileReference; lastKnownFileType = sourcecode.swift; path = ConversationState.swift; sourceTree = "<group>"; };
		82D35A9828B11BA100572C52 /* ConversationsEnvironment.swift */ = {isa = PBXFileReference; lastKnownFileType = sourcecode.swift; path = ConversationsEnvironment.swift; sourceTree = "<group>"; };
		82D35A9A28B11BE600572C52 /* ConversationEnvironment.swift */ = {isa = PBXFileReference; lastKnownFileType = sourcecode.swift; path = ConversationEnvironment.swift; sourceTree = "<group>"; };
		82D35A9C28B14FE800572C52 /* ConversationAction.swift */ = {isa = PBXFileReference; lastKnownFileType = sourcecode.swift; path = ConversationAction.swift; sourceTree = "<group>"; };
		82D35A9E28B1501000572C52 /* ConversationReducer.swift */ = {isa = PBXFileReference; lastKnownFileType = sourcecode.swift; path = ConversationReducer.swift; sourceTree = "<group>"; };
		82F0177E28E510CC00C99740 /* TrackingAction.swift */ = {isa = PBXFileReference; lastKnownFileType = sourcecode.swift; path = TrackingAction.swift; sourceTree = "<group>"; };
		82F0177F28E510CC00C99740 /* TrackingView.swift */ = {isa = PBXFileReference; lastKnownFileType = sourcecode.swift; path = TrackingView.swift; sourceTree = "<group>"; };
		82F0178028E510CC00C99740 /* TrackingEnvironment.swift */ = {isa = PBXFileReference; lastKnownFileType = sourcecode.swift; path = TrackingEnvironment.swift; sourceTree = "<group>"; };
		82F0178128E510CC00C99740 /* TrackingReducer.swift */ = {isa = PBXFileReference; lastKnownFileType = sourcecode.swift; path = TrackingReducer.swift; sourceTree = "<group>"; };
		82F0178228E510CC00C99740 /* TrackingState.swift */ = {isa = PBXFileReference; lastKnownFileType = sourcecode.swift; path = TrackingState.swift; sourceTree = "<group>"; };
		82FCE88A28C5069D00C928E9 /* AuthView.swift */ = {isa = PBXFileReference; lastKnownFileType = sourcecode.swift; path = AuthView.swift; sourceTree = "<group>"; };
		82FCE88C28C50C0B00C928E9 /* AuthAction.swift */ = {isa = PBXFileReference; lastKnownFileType = sourcecode.swift; path = AuthAction.swift; sourceTree = "<group>"; };
		82FCE88E28C50E7300C928E9 /* AuthReducer.swift */ = {isa = PBXFileReference; lastKnownFileType = sourcecode.swift; path = AuthReducer.swift; sourceTree = "<group>"; };
		82FCE89028C50EC900C928E9 /* AuthState.swift */ = {isa = PBXFileReference; lastKnownFileType = sourcecode.swift; path = AuthState.swift; sourceTree = "<group>"; };
		82FCE89228C50EDE00C928E9 /* AuthEnvironment.swift */ = {isa = PBXFileReference; lastKnownFileType = sourcecode.swift; path = AuthEnvironment.swift; sourceTree = "<group>"; };
		82FCE89528C523EC00C928E9 /* AppView.swift */ = {isa = PBXFileReference; lastKnownFileType = sourcecode.swift; path = AppView.swift; sourceTree = "<group>"; };
		82FCE89728C5242900C928E9 /* AppReducer.swift */ = {isa = PBXFileReference; lastKnownFileType = sourcecode.swift; path = AppReducer.swift; sourceTree = "<group>"; };
		82FCE89928C5242F00C928E9 /* AppState.swift */ = {isa = PBXFileReference; lastKnownFileType = sourcecode.swift; path = AppState.swift; sourceTree = "<group>"; };
		82FCE89B28C5243500C928E9 /* AppAction.swift */ = {isa = PBXFileReference; lastKnownFileType = sourcecode.swift; path = AppAction.swift; sourceTree = "<group>"; };
		82FCE89D28C5243F00C928E9 /* AppEnvironment.swift */ = {isa = PBXFileReference; lastKnownFileType = sourcecode.swift; path = AppEnvironment.swift; sourceTree = "<group>"; };
		82FCE8A028C56B9100C928E9 /* AppleSignInButton.swift */ = {isa = PBXFileReference; lastKnownFileType = sourcecode.swift; path = AppleSignInButton.swift; sourceTree = "<group>"; };
		82FCE8A328C578CA00C928E9 /* AccountView.swift */ = {isa = PBXFileReference; lastKnownFileType = sourcecode.swift; path = AccountView.swift; sourceTree = "<group>"; };
		82FCE8A528C578D600C928E9 /* AccountReducer.swift */ = {isa = PBXFileReference; lastKnownFileType = sourcecode.swift; path = AccountReducer.swift; sourceTree = "<group>"; };
		82FCE8A728C578DD00C928E9 /* AccountState.swift */ = {isa = PBXFileReference; lastKnownFileType = sourcecode.swift; path = AccountState.swift; sourceTree = "<group>"; };
		82FCE8A928C578EA00C928E9 /* AccountAction.swift */ = {isa = PBXFileReference; lastKnownFileType = sourcecode.swift; path = AccountAction.swift; sourceTree = "<group>"; };
		82FCE8AB28C578F300C928E9 /* AccountEnvironment.swift */ = {isa = PBXFileReference; lastKnownFileType = sourcecode.swift; path = AccountEnvironment.swift; sourceTree = "<group>"; };
/* End PBXFileReference section */

/* Begin PBXFrameworksBuildPhase section */
		8292BDDA28A958B600471B59 /* Frameworks */ = {
			isa = PBXFrameworksBuildPhase;
			buildActionMask = 2147483647;
			files = (
				829832BB28E6981900A05525 /* Toolbox in Frameworks */,
				829832B528E6958700A05525 /* DomainKit in Frameworks */,
				829832BF28E7267600A05525 /* ComposableArchitecture in Frameworks */,
			);
			runOnlyForDeploymentPostprocessing = 0;
		};
		8292BDEA28A958B700471B59 /* Frameworks */ = {
			isa = PBXFrameworksBuildPhase;
			buildActionMask = 2147483647;
			files = (
			);
			runOnlyForDeploymentPostprocessing = 0;
		};
		8292BDF428A958B700471B59 /* Frameworks */ = {
			isa = PBXFrameworksBuildPhase;
			buildActionMask = 2147483647;
			files = (
			);
			runOnlyForDeploymentPostprocessing = 0;
		};
/* End PBXFrameworksBuildPhase section */

/* Begin PBXGroup section */
		827EEAFD28D418470044BCD5 /* Components */ = {
			isa = PBXGroup;
			children = (
				827EEB0028D418E50044BCD5 /* Identity */,
				827EEB4828E28CB20044BCD5 /* Session */,
			);
			path = Components;
			sourceTree = "<group>";
		};
		827EEB0028D418E50044BCD5 /* Identity */ = {
			isa = PBXGroup;
			children = (
				827EEB4D28E2906C0044BCD5 /* Identity.swift */,
				827EEAFE28D4186F0044BCD5 /* IdentityProvider.swift */,
				827EEB0328D8A8140044BCD5 /* IdentityProvider+Mock.swift */,
				827EEB0128D419000044BCD5 /* IdentityProvider+Apple.swift */,
				827EEB4528E24D3F0044BCD5 /* IdentityProviderError.swift */,
			);
			path = Identity;
			sourceTree = "<group>";
		};
		827EEB4828E28CB20044BCD5 /* Session */ = {
			isa = PBXGroup;
			children = (
				827EEB4B28E28D350044BCD5 /* Session.swift */,
				827EEB7E28E2AAFB0044BCD5 /* SessionGateway.swift */,
				827EEB8028E2AE0E0044BCD5 /* SessionGateway+Live.swift */,
				827EEB8228E2AE180044BCD5 /* SessionGateway+Mock.swift */,
				827EEB4928E28CBF0044BCD5 /* SessionStore.swift */,
			);
			path = Session;
			sourceTree = "<group>";
		};
		8292BDD428A958B600471B59 = {
			isa = PBXGroup;
			children = (
				829832B228E6953400A05525 /* DomainKit */,
				829832B928E697CA00A05525 /* Toolbox */,
				8292BDDF28A958B600471B59 /* Tower */,
				8292BDF028A958B700471B59 /* TowerTests */,
				8292BDFA28A958B700471B59 /* TowerUITests */,
				8292BDDE28A958B600471B59 /* Products */,
				829832B328E6958700A05525 /* Frameworks */,
			);
			sourceTree = "<group>";
		};
		8292BDDE28A958B600471B59 /* Products */ = {
			isa = PBXGroup;
			children = (
				8292BDDD28A958B600471B59 /* Tower.app */,
				8292BDED28A958B700471B59 /* TowerTests.xctest */,
				8292BDF728A958B700471B59 /* TowerUITests.xctest */,
			);
			name = Products;
			sourceTree = "<group>";
		};
		8292BDDF28A958B600471B59 /* Tower */ = {
			isa = PBXGroup;
			children = (
				827EEB4728E252C60044BCD5 /* Tower.entitlements */,
				8292BE0A28A9608A00471B59 /* Source */,
				8292BDE428A958B700471B59 /* Assets.xcassets */,
				8292BDE628A958B700471B59 /* Preview Content */,
			);
			path = Tower;
			sourceTree = "<group>";
		};
		8292BDE628A958B700471B59 /* Preview Content */ = {
			isa = PBXGroup;
			children = (
				8292BDE728A958B700471B59 /* Preview Assets.xcassets */,
			);
			path = "Preview Content";
			sourceTree = "<group>";
		};
		8292BDF028A958B700471B59 /* TowerTests */ = {
			isa = PBXGroup;
			children = (
				8292BDF128A958B700471B59 /* TowerTests.swift */,
			);
			path = TowerTests;
			sourceTree = "<group>";
		};
		8292BDFA28A958B700471B59 /* TowerUITests */ = {
			isa = PBXGroup;
			children = (
				8292BDFB28A958B700471B59 /* TowerUITests.swift */,
				8292BDFD28A958B700471B59 /* TowerUITestsLaunchTests.swift */,
			);
			path = TowerUITests;
			sourceTree = "<group>";
		};
		8292BE0A28A9608A00471B59 /* Source */ = {
			isa = PBXGroup;
			children = (
				8292BDE028A958B600471B59 /* TowerApp.swift */,
				827EEAFD28D418470044BCD5 /* Components */,
				82F0178C28E5237F00C99740 /* Extensions */,
				829832BC28E6A66700A05525 /* Repositories */,
				8292BE0B28A9609000471B59 /* UI */,
			);
			path = Source;
			sourceTree = "<group>";
		};
		8292BE0B28A9609000471B59 /* UI */ = {
			isa = PBXGroup;
			children = (
				82FCE89428C523D200C928E9 /* App */,
				82D35A8C28B1154E00572C52 /* States */,
				82B354BE28EC65DC00DFE825 /* Styles */,
				82D35A8628ADCC8F00572C52 /* Views */,
			);
			path = UI;
			sourceTree = "<group>";
		};
		829832B328E6958700A05525 /* Frameworks */ = {
			isa = PBXGroup;
			children = (
			);
			name = Frameworks;
			sourceTree = "<group>";
		};
		829832B628E6975100A05525 /* Models */ = {
			isa = PBXGroup;
			children = (
				829832B728E6975B00A05525 /* User+Extension.swift */,
			);
			path = Models;
			sourceTree = "<group>";
		};
		829832BC28E6A66700A05525 /* Repositories */ = {
			isa = PBXGroup;
			children = (
			);
			path = Repositories;
			sourceTree = "<group>";
		};
		82B3547A28E8AEF600DFE825 /* Notifications */ = {
			isa = PBXGroup;
			children = (
				82B3547C28E8AF0900DFE825 /* NotificationsView.swift */,
				82B3547E28E8AF0900DFE825 /* NotificationsReducer.swift */,
				82B3547F28E8AF0900DFE825 /* NotificationsState.swift */,
				82B3547B28E8AF0900DFE825 /* NotificationsAction.swift */,
				82B3547D28E8AF0900DFE825 /* NotificationsEnvironment.swift */,
			);
			path = Notifications;
			sourceTree = "<group>";
		};
		82B3548728EBDBFE00DFE825 /* Onboarding */ = {
			isa = PBXGroup;
			children = (
				82B354B328EBDCAF00DFE825 /* Profile Picture */,
				82B354A828EBDC9400DFE825 /* Permissions */,
				82B3549D28EBDC7900DFE825 /* Privacy */,
				82B3549228EBDC6300DFE825 /* Username */,
				82B3548828EBDC1800DFE825 /* OnboardingAction.swift */,
				82B3548928EBDC1800DFE825 /* OnboardingView.swift */,
				82B3548A28EBDC1800DFE825 /* OnboardingEnvironment.swift */,
				82B3548B28EBDC1800DFE825 /* OnboardingReducer.swift */,
				82B3548C28EBDC1800DFE825 /* OnboardingState.swift */,
			);
			path = Onboarding;
			sourceTree = "<group>";
		};
		82B3549228EBDC6300DFE825 /* Username */ = {
			isa = PBXGroup;
			children = (
				82B3549428EBDC7600DFE825 /* OnboardingUsernameView.swift */,
				82B3549628EBDC7600DFE825 /* OnboardingUsernameReducer.swift */,
				82B3549728EBDC7600DFE825 /* OnboardingUsernameState.swift */,
				82B3549328EBDC7600DFE825 /* OnboardingUsernameAction.swift */,
				82B3549528EBDC7600DFE825 /* OnboardingUsernameEnvironment.swift */,
			);
			path = Username;
			sourceTree = "<group>";
		};
		82B3549D28EBDC7900DFE825 /* Privacy */ = {
			isa = PBXGroup;
			children = (
				82B3549F28EBDC8F00DFE825 /* OnboardingPrivacyView.swift */,
				82B354A128EBDC8F00DFE825 /* OnboardingPrivacyReducer.swift */,
				82B354A228EBDC8F00DFE825 /* OnboardingPrivacyState.swift */,
				82B3549E28EBDC8F00DFE825 /* OnboardingPrivacyAction.swift */,
				82B354A028EBDC8F00DFE825 /* OnboardingPrivacyEnvironment.swift */,
			);
			path = Privacy;
			sourceTree = "<group>";
		};
		82B354A828EBDC9400DFE825 /* Permissions */ = {
			isa = PBXGroup;
			children = (
				82B354AA28EBDCA400DFE825 /* OnboardingPermissionsView.swift */,
				82B354AC28EBDCA400DFE825 /* OnboardingPermissionsReducer.swift */,
				82B354AD28EBDCA400DFE825 /* OnboardingPermissionsState.swift */,
				82B354A928EBDCA400DFE825 /* OnboardingPermissionsAction.swift */,
				82B354AB28EBDCA400DFE825 /* OnboardingPermissionsEnvironment.swift */,
			);
			path = Permissions;
			sourceTree = "<group>";
		};
		82B354B328EBDCAF00DFE825 /* Profile Picture */ = {
			isa = PBXGroup;
			children = (
				82B354B528EBDCC200DFE825 /* OnboardingProfilePictureView.swift */,
				82B354B728EBDCC200DFE825 /* OnboardingProfilePictureReducer.swift */,
				82B354B828EBDCC200DFE825 /* OnboardingProfilePictureState.swift */,
				82B354B428EBDCC200DFE825 /* OnboardingProfilePictureAction.swift */,
				82B354B628EBDCC200DFE825 /* OnboardingProfilePictureEnvironment.swift */,
			);
			path = "Profile Picture";
			sourceTree = "<group>";
		};
		82B354BE28EC65DC00DFE825 /* Styles */ = {
			isa = PBXGroup;
			children = (
				82B354BF28EC65F400DFE825 /* PrimaryButtonStyle.swift */,
				82B354C128EC674800DFE825 /* SecondaryButtonStyle.swift */,
			);
			path = Styles;
			sourceTree = "<group>";
		};
		82B354C528ECC11900DFE825 /* Logged In */ = {
			isa = PBXGroup;
			children = (
				82FCE8A228C578BD00C928E9 /* Account */,
				82D35A8F28B1156200572C52 /* Compose */,
				82D35A8E28B1155C00572C52 /* Conversation */,
				82D35A8D28B1155700572C52 /* Conversation List */,
				82FFF47E28E7E444008FEA93 /* Conversation Onboarding */,
				82B3547A28E8AEF600DFE825 /* Notifications */,
				82D5B00E28E5043A006DB3F3 /* Tracking */,
				82B354C928ECC1B100DFE825 /* LoggedInView.swift */,
				82B354CB28ECC1B100DFE825 /* LoggedInReducer.swift */,
				82B354CC28ECC1B100DFE825 /* LoggedInState.swift */,
				82B354C828ECC1B100DFE825 /* LoggedInAction.swift */,
				82B354CA28ECC1B100DFE825 /* LoggedInEnvironment.swift */,
			);
			path = "Logged In";
			sourceTree = "<group>";
		};
		82B354C628ECC12400DFE825 /* Logged Out */ = {
			isa = PBXGroup;
			children = (
				82FCE88928C5068E00C928E9 /* Auth */,
			);
			path = "Logged Out";
			sourceTree = "<group>";
		};
		82B354C728ECC16200DFE825 /* App Loading */ = {
			isa = PBXGroup;
			children = (
				82B354D328ECC45400DFE825 /* AppLoadingView.swift */,
				82B354D528ECC45400DFE825 /* AppLoadingReducer.swift */,
				82B354D628ECC45400DFE825 /* AppLoadingState.swift */,
				82B354D228ECC45400DFE825 /* AppLoadingAction.swift */,
				82B354D428ECC45400DFE825 /* AppLoadingEnvironment.swift */,
			);
			path = "App Loading";
			sourceTree = "<group>";
		};
		82D35A8628ADCC8F00572C52 /* Views */ = {
			isa = PBXGroup;
			children = (
				82FCE8A028C56B9100C928E9 /* AppleSignInButton.swift */,
				82B3548528EA35E500DFE825 /* ProfileImage.swift */,
				82B354C328EC6C3D00DFE825 /* UnderlinedTextField.swift */,
			);
			path = Views;
			sourceTree = "<group>";
		};
		82D35A8C28B1154E00572C52 /* States */ = {
			isa = PBXGroup;
			children = (
				82B354C728ECC16200DFE825 /* App Loading */,
				82B354C528ECC11900DFE825 /* Logged In */,
				82B354C628ECC12400DFE825 /* Logged Out */,
				82B3548728EBDBFE00DFE825 /* Onboarding */,
			);
			path = States;
			sourceTree = "<group>";
		};
		82D35A8D28B1155700572C52 /* Conversation List */ = {
			isa = PBXGroup;
			children = (
				82D35A8428ADCB2700572C52 /* ConversationsView.swift */,
				82D35A9028B1157F00572C52 /* ConversationsReducer.swift */,
				82D35A9228B11A3400572C52 /* ConversationsState.swift */,
				82D35A9428B11A5300572C52 /* ConversationsAction.swift */,
				82D35A9828B11BA100572C52 /* ConversationsEnvironment.swift */,
			);
			path = "Conversation List";
			sourceTree = "<group>";
		};
		82D35A8E28B1155C00572C52 /* Conversation */ = {
			isa = PBXGroup;
			children = (
				8292BDE228A958B600471B59 /* ConversationView.swift */,
				82D35A9E28B1501000572C52 /* ConversationReducer.swift */,
				82D35A9628B11B5D00572C52 /* ConversationState.swift */,
				82D35A9C28B14FE800572C52 /* ConversationAction.swift */,
				82D35A9A28B11BE600572C52 /* ConversationEnvironment.swift */,
			);
			path = Conversation;
			sourceTree = "<group>";
		};
		82D35A8F28B1156200572C52 /* Compose */ = {
			isa = PBXGroup;
			children = (
				82B94AC628B5BA2700BC8F59 /* ComposeView.swift */,
				82B94AC828B5BCD300BC8F59 /* ComposeReducer.swift */,
				82B94ACE28B5BD9300BC8F59 /* ComposeState.swift */,
				82B94ACA28B5BCFE00BC8F59 /* ComposeAction.swift */,
				82B94ACC28B5BD0900BC8F59 /* ComposeEnvironment.swift */,
			);
			path = Compose;
			sourceTree = "<group>";
		};
		82D5B00E28E5043A006DB3F3 /* Tracking */ = {
			isa = PBXGroup;
			children = (
				82F0177F28E510CC00C99740 /* TrackingView.swift */,
				82F0178128E510CC00C99740 /* TrackingReducer.swift */,
				82F0178228E510CC00C99740 /* TrackingState.swift */,
				82F0177E28E510CC00C99740 /* TrackingAction.swift */,
				82F0178028E510CC00C99740 /* TrackingEnvironment.swift */,
			);
			path = Tracking;
			sourceTree = "<group>";
		};
		82F0178C28E5237F00C99740 /* Extensions */ = {
			isa = PBXGroup;
			children = (
				829832B628E6975100A05525 /* Models */,
			);
			path = Extensions;
			sourceTree = "<group>";
		};
		82FCE88928C5068E00C928E9 /* Auth */ = {
			isa = PBXGroup;
			children = (
				82FCE88A28C5069D00C928E9 /* AuthView.swift */,
				82FCE88E28C50E7300C928E9 /* AuthReducer.swift */,
				82FCE89028C50EC900C928E9 /* AuthState.swift */,
				82FCE88C28C50C0B00C928E9 /* AuthAction.swift */,
				82FCE89228C50EDE00C928E9 /* AuthEnvironment.swift */,
			);
			path = Auth;
			sourceTree = "<group>";
		};
		82FCE89428C523D200C928E9 /* App */ = {
			isa = PBXGroup;
			children = (
				82FCE89528C523EC00C928E9 /* AppView.swift */,
				82FCE89728C5242900C928E9 /* AppReducer.swift */,
				82FCE89928C5242F00C928E9 /* AppState.swift */,
				82FCE89B28C5243500C928E9 /* AppAction.swift */,
				82FCE89D28C5243F00C928E9 /* AppEnvironment.swift */,
			);
			path = App;
			sourceTree = "<group>";
		};
		82FCE8A228C578BD00C928E9 /* Account */ = {
			isa = PBXGroup;
			children = (
				82FCE8A328C578CA00C928E9 /* AccountView.swift */,
				82FCE8A528C578D600C928E9 /* AccountReducer.swift */,
				82FCE8A728C578DD00C928E9 /* AccountState.swift */,
				82FCE8A928C578EA00C928E9 /* AccountAction.swift */,
				82FCE8AB28C578F300C928E9 /* AccountEnvironment.swift */,
			);
			path = Account;
			sourceTree = "<group>";
		};
		82FFF47E28E7E444008FEA93 /* Conversation Onboarding */ = {
			isa = PBXGroup;
			children = (
				826A5D2028E7E59000ADE473 /* Conversation OnboardingView.swift */,
				826A5D2828E7EACC00ADE473 /* Conversation OnboardingReducer.swift */,
				826A5D2228E7E8FF00ADE473 /* Conversation OnboardingState.swift */,
				826A5D2428E7EA4F00ADE473 /* Conversation OnboardingAction.swift */,
				826A5D2628E7EAAE00ADE473 /* Conversation OnboardingEnvironment.swift */,
			);
			path = "Conversation Onboarding";
			sourceTree = "<group>";
		};
/* End PBXGroup section */

/* Begin PBXNativeTarget section */
		8292BDDC28A958B600471B59 /* Tower */ = {
			isa = PBXNativeTarget;
			buildConfigurationList = 8292BE0128A958B700471B59 /* Build configuration list for PBXNativeTarget "Tower" */;
			buildPhases = (
				8292BDD928A958B600471B59 /* Sources */,
				8292BDDA28A958B600471B59 /* Frameworks */,
				8292BDDB28A958B600471B59 /* Resources */,
			);
			buildRules = (
			);
			dependencies = (
			);
			name = Tower;
			packageProductDependencies = (
				829832B428E6958700A05525 /* DomainKit */,
				829832BA28E6981900A05525 /* Toolbox */,
				829832BE28E7267600A05525 /* ComposableArchitecture */,
			);
			productName = Tower;
			productReference = 8292BDDD28A958B600471B59 /* Tower.app */;
			productType = "com.apple.product-type.application";
		};
		8292BDEC28A958B700471B59 /* TowerTests */ = {
			isa = PBXNativeTarget;
			buildConfigurationList = 8292BE0428A958B700471B59 /* Build configuration list for PBXNativeTarget "TowerTests" */;
			buildPhases = (
				8292BDE928A958B700471B59 /* Sources */,
				8292BDEA28A958B700471B59 /* Frameworks */,
				8292BDEB28A958B700471B59 /* Resources */,
			);
			buildRules = (
			);
			dependencies = (
				8292BDEF28A958B700471B59 /* PBXTargetDependency */,
			);
			name = TowerTests;
			productName = TowerTests;
			productReference = 8292BDED28A958B700471B59 /* TowerTests.xctest */;
			productType = "com.apple.product-type.bundle.unit-test";
		};
		8292BDF628A958B700471B59 /* TowerUITests */ = {
			isa = PBXNativeTarget;
			buildConfigurationList = 8292BE0728A958B700471B59 /* Build configuration list for PBXNativeTarget "TowerUITests" */;
			buildPhases = (
				8292BDF328A958B700471B59 /* Sources */,
				8292BDF428A958B700471B59 /* Frameworks */,
				8292BDF528A958B700471B59 /* Resources */,
			);
			buildRules = (
			);
			dependencies = (
				8292BDF928A958B700471B59 /* PBXTargetDependency */,
			);
			name = TowerUITests;
			productName = TowerUITests;
			productReference = 8292BDF728A958B700471B59 /* TowerUITests.xctest */;
			productType = "com.apple.product-type.bundle.ui-testing";
		};
/* End PBXNativeTarget section */

/* Begin PBXProject section */
		8292BDD528A958B600471B59 /* Project object */ = {
			isa = PBXProject;
			attributes = {
				BuildIndependentTargetsInParallel = 1;
				LastSwiftUpdateCheck = 1340;
				LastUpgradeCheck = 1340;
				TargetAttributes = {
					8292BDDC28A958B600471B59 = {
						CreatedOnToolsVersion = 13.4.1;
					};
					8292BDEC28A958B700471B59 = {
						CreatedOnToolsVersion = 13.4.1;
						TestTargetID = 8292BDDC28A958B600471B59;
					};
					8292BDF628A958B700471B59 = {
						CreatedOnToolsVersion = 13.4.1;
						TestTargetID = 8292BDDC28A958B600471B59;
					};
				};
			};
			buildConfigurationList = 8292BDD828A958B600471B59 /* Build configuration list for PBXProject "Tower" */;
			compatibilityVersion = "Xcode 13.0";
			developmentRegion = en;
			hasScannedForEncodings = 0;
			knownRegions = (
				en,
				Base,
			);
			mainGroup = 8292BDD428A958B600471B59;
			packageReferences = (
				829832BD28E7267600A05525 /* XCRemoteSwiftPackageReference "swift-composable-architecture" */,
			);
			productRefGroup = 8292BDDE28A958B600471B59 /* Products */;
			projectDirPath = "";
			projectRoot = "";
			targets = (
				8292BDDC28A958B600471B59 /* Tower */,
				8292BDEC28A958B700471B59 /* TowerTests */,
				8292BDF628A958B700471B59 /* TowerUITests */,
			);
		};
/* End PBXProject section */

/* Begin PBXResourcesBuildPhase section */
		8292BDDB28A958B600471B59 /* Resources */ = {
			isa = PBXResourcesBuildPhase;
			buildActionMask = 2147483647;
			files = (
				8292BDE828A958B700471B59 /* Preview Assets.xcassets in Resources */,
				8292BDE528A958B700471B59 /* Assets.xcassets in Resources */,
			);
			runOnlyForDeploymentPostprocessing = 0;
		};
		8292BDEB28A958B700471B59 /* Resources */ = {
			isa = PBXResourcesBuildPhase;
			buildActionMask = 2147483647;
			files = (
			);
			runOnlyForDeploymentPostprocessing = 0;
		};
		8292BDF528A958B700471B59 /* Resources */ = {
			isa = PBXResourcesBuildPhase;
			buildActionMask = 2147483647;
			files = (
			);
			runOnlyForDeploymentPostprocessing = 0;
		};
/* End PBXResourcesBuildPhase section */

/* Begin PBXSourcesBuildPhase section */
		8292BDD928A958B600471B59 /* Sources */ = {
			isa = PBXSourcesBuildPhase;
			buildActionMask = 2147483647;
			files = (
				82B354BA28EBDCC200DFE825 /* OnboardingProfilePictureView.swift in Sources */,
				827EEB7F28E2AAFB0044BCD5 /* SessionGateway.swift in Sources */,
				827EEB0228D419000044BCD5 /* IdentityProvider+Apple.swift in Sources */,
				82B354CE28ECC1B100DFE825 /* LoggedInView.swift in Sources */,
				82F0178628E510CC00C99740 /* TrackingReducer.swift in Sources */,
				82B3549C28EBDC7600DFE825 /* OnboardingUsernameState.swift in Sources */,
				82B354C028EC65F400DFE825 /* PrimaryButtonStyle.swift in Sources */,
				82B354D728ECC45400DFE825 /* AppLoadingAction.swift in Sources */,
				82B354B128EBDCA400DFE825 /* OnboardingPermissionsReducer.swift in Sources */,
				827EEB0428D8A8140044BCD5 /* IdentityProvider+Mock.swift in Sources */,
				82B354D028ECC1B100DFE825 /* LoggedInReducer.swift in Sources */,
				827EEB4A28E28CBF0044BCD5 /* SessionStore.swift in Sources */,
				82D35A8528ADCB2700572C52 /* ConversationsView.swift in Sources */,
				82B354A728EBDC8F00DFE825 /* OnboardingPrivacyState.swift in Sources */,
				82B354A628EBDC8F00DFE825 /* OnboardingPrivacyReducer.swift in Sources */,
				82B3548D28EBDC1800DFE825 /* OnboardingAction.swift in Sources */,
				82B94ACB28B5BCFE00BC8F59 /* ComposeAction.swift in Sources */,
				82B3549028EBDC1800DFE825 /* OnboardingReducer.swift in Sources */,
				82B354B928EBDCC200DFE825 /* OnboardingProfilePictureAction.swift in Sources */,
				82FCE89C28C5243500C928E9 /* AppAction.swift in Sources */,
				82B354A428EBDC8F00DFE825 /* OnboardingPrivacyView.swift in Sources */,
				82B3548228E8AF0900DFE825 /* NotificationsEnvironment.swift in Sources */,
				82B3549B28EBDC7600DFE825 /* OnboardingUsernameReducer.swift in Sources */,
				826A5D2128E7E59000ADE473 /* Conversation OnboardingView.swift in Sources */,
				82D35A9128B1157F00572C52 /* ConversationsReducer.swift in Sources */,
				82B354C428EC6C3D00DFE825 /* UnderlinedTextField.swift in Sources */,
				82B3548028E8AF0900DFE825 /* NotificationsAction.swift in Sources */,
				82B354DA28ECC45400DFE825 /* AppLoadingReducer.swift in Sources */,
				82B3548428E8AF0900DFE825 /* NotificationsState.swift in Sources */,
				82B354B028EBDCA400DFE825 /* OnboardingPermissionsEnvironment.swift in Sources */,
				82B3548E28EBDC1800DFE825 /* OnboardingView.swift in Sources */,
				82B354BB28EBDCC200DFE825 /* OnboardingProfilePictureEnvironment.swift in Sources */,
				82FCE89328C50EDE00C928E9 /* AuthEnvironment.swift in Sources */,
				82D35A9528B11A5300572C52 /* ConversationsAction.swift in Sources */,
				82D35A9328B11A3400572C52 /* ConversationsState.swift in Sources */,
				82B3548328E8AF0900DFE825 /* NotificationsReducer.swift in Sources */,
				82D35A9728B11B5D00572C52 /* ConversationState.swift in Sources */,
				82FCE8A128C56B9100C928E9 /* AppleSignInButton.swift in Sources */,
				82B94AC928B5BCD300BC8F59 /* ComposeReducer.swift in Sources */,
				82FCE89A28C5242F00C928E9 /* AppState.swift in Sources */,
				82D35A9B28B11BE600572C52 /* ConversationEnvironment.swift in Sources */,
				82B3548F28EBDC1800DFE825 /* OnboardingEnvironment.swift in Sources */,
				82FCE89628C523EC00C928E9 /* AppView.swift in Sources */,
				82FCE88F28C50E7400C928E9 /* AuthReducer.swift in Sources */,
				82FCE89128C50EC900C928E9 /* AuthState.swift in Sources */,
				82D35A9D28B14FE800572C52 /* ConversationAction.swift in Sources */,
				826A5D2728E7EAAE00ADE473 /* Conversation OnboardingEnvironment.swift in Sources */,
				82B354B228EBDCA400DFE825 /* OnboardingPermissionsState.swift in Sources */,
				82B354AF28EBDCA400DFE825 /* OnboardingPermissionsView.swift in Sources */,
				82D35A9928B11BA100572C52 /* ConversationsEnvironment.swift in Sources */,
				82B354D128ECC1B100DFE825 /* LoggedInState.swift in Sources */,
				82FCE8AC28C578F300C928E9 /* AccountEnvironment.swift in Sources */,
				82B3549928EBDC7600DFE825 /* OnboardingUsernameView.swift in Sources */,
				8292BDE328A958B600471B59 /* ConversationView.swift in Sources */,
				82B354C228EC674800DFE825 /* SecondaryButtonStyle.swift in Sources */,
				827EEAFF28D4186F0044BCD5 /* IdentityProvider.swift in Sources */,
				82FCE88B28C5069D00C928E9 /* AuthView.swift in Sources */,
				82F0178528E510CC00C99740 /* TrackingEnvironment.swift in Sources */,
				82FCE8A428C578CA00C928E9 /* AccountView.swift in Sources */,
				82B354D928ECC45400DFE825 /* AppLoadingEnvironment.swift in Sources */,
				827EEB8128E2AE0E0044BCD5 /* SessionGateway+Live.swift in Sources */,
				82FCE8A828C578DD00C928E9 /* AccountState.swift in Sources */,
				82D35A9F28B1501000572C52 /* ConversationReducer.swift in Sources */,
				8292BDE128A958B600471B59 /* TowerApp.swift in Sources */,
				826A5D2528E7EA4F00ADE473 /* Conversation OnboardingAction.swift in Sources */,
				82B3548128E8AF0900DFE825 /* NotificationsView.swift in Sources */,
				82FCE8AA28C578EA00C928E9 /* AccountAction.swift in Sources */,
				82B354D828ECC45400DFE825 /* AppLoadingView.swift in Sources */,
				82FCE88D28C50C0B00C928E9 /* AuthAction.swift in Sources */,
				82B354A328EBDC8F00DFE825 /* OnboardingPrivacyAction.swift in Sources */,
				829832B828E6975B00A05525 /* User+Extension.swift in Sources */,
				826A5D2328E7E8FF00ADE473 /* Conversation OnboardingState.swift in Sources */,
				826A5D2928E7EACC00ADE473 /* Conversation OnboardingReducer.swift in Sources */,
				827EEB4628E24D3F0044BCD5 /* IdentityProviderError.swift in Sources */,
				82B3549828EBDC7600DFE825 /* OnboardingUsernameAction.swift in Sources */,
				82FCE89828C5242900C928E9 /* AppReducer.swift in Sources */,
				82F0178728E510CC00C99740 /* TrackingState.swift in Sources */,
				82B3549128EBDC1800DFE825 /* OnboardingState.swift in Sources */,
				82B94AC728B5BA2700BC8F59 /* ComposeView.swift in Sources */,
				82F0178328E510CC00C99740 /* TrackingAction.swift in Sources */,
				82B3549A28EBDC7600DFE825 /* OnboardingUsernameEnvironment.swift in Sources */,
				82B94ACD28B5BD0900BC8F59 /* ComposeEnvironment.swift in Sources */,
				82B354A528EBDC8F00DFE825 /* OnboardingPrivacyEnvironment.swift in Sources */,
				827EEB4E28E2906C0044BCD5 /* Identity.swift in Sources */,
				82B354CF28ECC1B100DFE825 /* LoggedInEnvironment.swift in Sources */,
				827EEB4C28E28D350044BCD5 /* Session.swift in Sources */,
				82B354BD28EBDCC200DFE825 /* OnboardingProfilePictureState.swift in Sources */,
				82F0178428E510CC00C99740 /* TrackingView.swift in Sources */,
				82B354AE28EBDCA400DFE825 /* OnboardingPermissionsAction.swift in Sources */,
				82B3548628EA35E500DFE825 /* ProfileImage.swift in Sources */,
				82B354BC28EBDCC200DFE825 /* OnboardingProfilePictureReducer.swift in Sources */,
				82B94ACF28B5BD9300BC8F59 /* ComposeState.swift in Sources */,
				82FCE89E28C5243F00C928E9 /* AppEnvironment.swift in Sources */,
				827EEB8328E2AE180044BCD5 /* SessionGateway+Mock.swift in Sources */,
				82B354DB28ECC45400DFE825 /* AppLoadingState.swift in Sources */,
				82B354CD28ECC1B100DFE825 /* LoggedInAction.swift in Sources */,
				82FCE8A628C578D600C928E9 /* AccountReducer.swift in Sources */,
			);
			runOnlyForDeploymentPostprocessing = 0;
		};
		8292BDE928A958B700471B59 /* Sources */ = {
			isa = PBXSourcesBuildPhase;
			buildActionMask = 2147483647;
			files = (
				8292BDF228A958B700471B59 /* TowerTests.swift in Sources */,
			);
			runOnlyForDeploymentPostprocessing = 0;
		};
		8292BDF328A958B700471B59 /* Sources */ = {
			isa = PBXSourcesBuildPhase;
			buildActionMask = 2147483647;
			files = (
				8292BDFE28A958B700471B59 /* TowerUITestsLaunchTests.swift in Sources */,
				8292BDFC28A958B700471B59 /* TowerUITests.swift in Sources */,
			);
			runOnlyForDeploymentPostprocessing = 0;
		};
/* End PBXSourcesBuildPhase section */

/* Begin PBXTargetDependency section */
		8292BDEF28A958B700471B59 /* PBXTargetDependency */ = {
			isa = PBXTargetDependency;
			target = 8292BDDC28A958B600471B59 /* Tower */;
			targetProxy = 8292BDEE28A958B700471B59 /* PBXContainerItemProxy */;
		};
		8292BDF928A958B700471B59 /* PBXTargetDependency */ = {
			isa = PBXTargetDependency;
			target = 8292BDDC28A958B600471B59 /* Tower */;
			targetProxy = 8292BDF828A958B700471B59 /* PBXContainerItemProxy */;
		};
/* End PBXTargetDependency section */

/* Begin XCBuildConfiguration section */
		8292BDFF28A958B700471B59 /* Debug */ = {
			isa = XCBuildConfiguration;
			buildSettings = {
				ALWAYS_SEARCH_USER_PATHS = NO;
				CLANG_ANALYZER_NONNULL = YES;
				CLANG_ANALYZER_NUMBER_OBJECT_CONVERSION = YES_AGGRESSIVE;
				CLANG_CXX_LANGUAGE_STANDARD = "gnu++17";
				CLANG_ENABLE_MODULES = YES;
				CLANG_ENABLE_OBJC_ARC = YES;
				CLANG_ENABLE_OBJC_WEAK = YES;
				CLANG_WARN_BLOCK_CAPTURE_AUTORELEASING = YES;
				CLANG_WARN_BOOL_CONVERSION = YES;
				CLANG_WARN_COMMA = YES;
				CLANG_WARN_CONSTANT_CONVERSION = YES;
				CLANG_WARN_DEPRECATED_OBJC_IMPLEMENTATIONS = YES;
				CLANG_WARN_DIRECT_OBJC_ISA_USAGE = YES_ERROR;
				CLANG_WARN_DOCUMENTATION_COMMENTS = YES;
				CLANG_WARN_EMPTY_BODY = YES;
				CLANG_WARN_ENUM_CONVERSION = YES;
				CLANG_WARN_INFINITE_RECURSION = YES;
				CLANG_WARN_INT_CONVERSION = YES;
				CLANG_WARN_NON_LITERAL_NULL_CONVERSION = YES;
				CLANG_WARN_OBJC_IMPLICIT_RETAIN_SELF = YES;
				CLANG_WARN_OBJC_LITERAL_CONVERSION = YES;
				CLANG_WARN_OBJC_ROOT_CLASS = YES_ERROR;
				CLANG_WARN_QUOTED_INCLUDE_IN_FRAMEWORK_HEADER = YES;
				CLANG_WARN_RANGE_LOOP_ANALYSIS = YES;
				CLANG_WARN_STRICT_PROTOTYPES = YES;
				CLANG_WARN_SUSPICIOUS_MOVE = YES;
				CLANG_WARN_UNGUARDED_AVAILABILITY = YES_AGGRESSIVE;
				CLANG_WARN_UNREACHABLE_CODE = YES;
				CLANG_WARN__DUPLICATE_METHOD_MATCH = YES;
				COPY_PHASE_STRIP = NO;
				DEBUG_INFORMATION_FORMAT = dwarf;
				ENABLE_STRICT_OBJC_MSGSEND = YES;
				ENABLE_TESTABILITY = YES;
				GCC_C_LANGUAGE_STANDARD = gnu11;
				GCC_DYNAMIC_NO_PIC = NO;
				GCC_NO_COMMON_BLOCKS = YES;
				GCC_OPTIMIZATION_LEVEL = 0;
				GCC_PREPROCESSOR_DEFINITIONS = (
					"DEBUG=1",
					"$(inherited)",
				);
				GCC_WARN_64_TO_32_BIT_CONVERSION = YES;
				GCC_WARN_ABOUT_RETURN_TYPE = YES_ERROR;
				GCC_WARN_UNDECLARED_SELECTOR = YES;
				GCC_WARN_UNINITIALIZED_AUTOS = YES_AGGRESSIVE;
				GCC_WARN_UNUSED_FUNCTION = YES;
				GCC_WARN_UNUSED_VARIABLE = YES;
				IPHONEOS_DEPLOYMENT_TARGET = 16.0;
				MTL_ENABLE_DEBUG_INFO = INCLUDE_SOURCE;
				MTL_FAST_MATH = YES;
				ONLY_ACTIVE_ARCH = YES;
				SDKROOT = iphoneos;
				SWIFT_ACTIVE_COMPILATION_CONDITIONS = DEBUG;
				SWIFT_OPTIMIZATION_LEVEL = "-Onone";
			};
			name = Debug;
		};
		8292BE0028A958B700471B59 /* Release */ = {
			isa = XCBuildConfiguration;
			buildSettings = {
				ALWAYS_SEARCH_USER_PATHS = NO;
				CLANG_ANALYZER_NONNULL = YES;
				CLANG_ANALYZER_NUMBER_OBJECT_CONVERSION = YES_AGGRESSIVE;
				CLANG_CXX_LANGUAGE_STANDARD = "gnu++17";
				CLANG_ENABLE_MODULES = YES;
				CLANG_ENABLE_OBJC_ARC = YES;
				CLANG_ENABLE_OBJC_WEAK = YES;
				CLANG_WARN_BLOCK_CAPTURE_AUTORELEASING = YES;
				CLANG_WARN_BOOL_CONVERSION = YES;
				CLANG_WARN_COMMA = YES;
				CLANG_WARN_CONSTANT_CONVERSION = YES;
				CLANG_WARN_DEPRECATED_OBJC_IMPLEMENTATIONS = YES;
				CLANG_WARN_DIRECT_OBJC_ISA_USAGE = YES_ERROR;
				CLANG_WARN_DOCUMENTATION_COMMENTS = YES;
				CLANG_WARN_EMPTY_BODY = YES;
				CLANG_WARN_ENUM_CONVERSION = YES;
				CLANG_WARN_INFINITE_RECURSION = YES;
				CLANG_WARN_INT_CONVERSION = YES;
				CLANG_WARN_NON_LITERAL_NULL_CONVERSION = YES;
				CLANG_WARN_OBJC_IMPLICIT_RETAIN_SELF = YES;
				CLANG_WARN_OBJC_LITERAL_CONVERSION = YES;
				CLANG_WARN_OBJC_ROOT_CLASS = YES_ERROR;
				CLANG_WARN_QUOTED_INCLUDE_IN_FRAMEWORK_HEADER = YES;
				CLANG_WARN_RANGE_LOOP_ANALYSIS = YES;
				CLANG_WARN_STRICT_PROTOTYPES = YES;
				CLANG_WARN_SUSPICIOUS_MOVE = YES;
				CLANG_WARN_UNGUARDED_AVAILABILITY = YES_AGGRESSIVE;
				CLANG_WARN_UNREACHABLE_CODE = YES;
				CLANG_WARN__DUPLICATE_METHOD_MATCH = YES;
				COPY_PHASE_STRIP = NO;
				DEBUG_INFORMATION_FORMAT = "dwarf-with-dsym";
				ENABLE_NS_ASSERTIONS = NO;
				ENABLE_STRICT_OBJC_MSGSEND = YES;
				GCC_C_LANGUAGE_STANDARD = gnu11;
				GCC_NO_COMMON_BLOCKS = YES;
				GCC_WARN_64_TO_32_BIT_CONVERSION = YES;
				GCC_WARN_ABOUT_RETURN_TYPE = YES_ERROR;
				GCC_WARN_UNDECLARED_SELECTOR = YES;
				GCC_WARN_UNINITIALIZED_AUTOS = YES_AGGRESSIVE;
				GCC_WARN_UNUSED_FUNCTION = YES;
				GCC_WARN_UNUSED_VARIABLE = YES;
				IPHONEOS_DEPLOYMENT_TARGET = 16.0;
				MTL_ENABLE_DEBUG_INFO = NO;
				MTL_FAST_MATH = YES;
				SDKROOT = iphoneos;
				SWIFT_COMPILATION_MODE = wholemodule;
				SWIFT_OPTIMIZATION_LEVEL = "-O";
				VALIDATE_PRODUCT = YES;
			};
			name = Release;
		};
		8292BE0228A958B700471B59 /* Debug */ = {
			isa = XCBuildConfiguration;
			buildSettings = {
				ASSETCATALOG_COMPILER_APPICON_NAME = AppIcon;
				ASSETCATALOG_COMPILER_GLOBAL_ACCENT_COLOR_NAME = AccentColor;
				CODE_SIGN_ENTITLEMENTS = Tower/Tower.entitlements;
				CODE_SIGN_STYLE = Automatic;
				CURRENT_PROJECT_VERSION = 1;
				DEVELOPMENT_ASSET_PATHS = "\"Tower/Preview Content\"";
				DEVELOPMENT_TEAM = 756N86X6Q9;
				ENABLE_PREVIEWS = YES;
				GENERATE_INFOPLIST_FILE = YES;
				INFOPLIST_KEY_UIApplicationSceneManifest_Generation = YES;
				INFOPLIST_KEY_UIApplicationSupportsIndirectInputEvents = YES;
				INFOPLIST_KEY_UILaunchScreen_Generation = YES;
				INFOPLIST_KEY_UISupportedInterfaceOrientations_iPad = "UIInterfaceOrientationPortrait UIInterfaceOrientationPortraitUpsideDown UIInterfaceOrientationLandscapeLeft UIInterfaceOrientationLandscapeRight";
				INFOPLIST_KEY_UISupportedInterfaceOrientations_iPhone = "UIInterfaceOrientationPortrait UIInterfaceOrientationLandscapeLeft UIInterfaceOrientationLandscapeRight";
				LD_RUNPATH_SEARCH_PATHS = (
					"$(inherited)",
					"@executable_path/Frameworks",
				);
				MARKETING_VERSION = 1.0;
				PRODUCT_BUNDLE_IDENTIFIER = com.matcartmill.Tower;
				PRODUCT_NAME = "$(TARGET_NAME)";
				SWIFT_EMIT_LOC_STRINGS = YES;
				SWIFT_VERSION = 5.0;
				TARGETED_DEVICE_FAMILY = "1,2";
			};
			name = Debug;
		};
		8292BE0328A958B700471B59 /* Release */ = {
			isa = XCBuildConfiguration;
			buildSettings = {
				ASSETCATALOG_COMPILER_APPICON_NAME = AppIcon;
				ASSETCATALOG_COMPILER_GLOBAL_ACCENT_COLOR_NAME = AccentColor;
				CODE_SIGN_ENTITLEMENTS = Tower/Tower.entitlements;
				CODE_SIGN_STYLE = Automatic;
				CURRENT_PROJECT_VERSION = 1;
				DEVELOPMENT_ASSET_PATHS = "\"Tower/Preview Content\"";
				DEVELOPMENT_TEAM = 756N86X6Q9;
				ENABLE_PREVIEWS = YES;
				GENERATE_INFOPLIST_FILE = YES;
				INFOPLIST_KEY_UIApplicationSceneManifest_Generation = YES;
				INFOPLIST_KEY_UIApplicationSupportsIndirectInputEvents = YES;
				INFOPLIST_KEY_UILaunchScreen_Generation = YES;
				INFOPLIST_KEY_UISupportedInterfaceOrientations_iPad = "UIInterfaceOrientationPortrait UIInterfaceOrientationPortraitUpsideDown UIInterfaceOrientationLandscapeLeft UIInterfaceOrientationLandscapeRight";
				INFOPLIST_KEY_UISupportedInterfaceOrientations_iPhone = "UIInterfaceOrientationPortrait UIInterfaceOrientationLandscapeLeft UIInterfaceOrientationLandscapeRight";
				LD_RUNPATH_SEARCH_PATHS = (
					"$(inherited)",
					"@executable_path/Frameworks",
				);
				MARKETING_VERSION = 1.0;
				PRODUCT_BUNDLE_IDENTIFIER = com.matcartmill.Tower;
				PRODUCT_NAME = "$(TARGET_NAME)";
				SWIFT_EMIT_LOC_STRINGS = YES;
				SWIFT_VERSION = 5.0;
				TARGETED_DEVICE_FAMILY = "1,2";
			};
			name = Release;
		};
		8292BE0528A958B700471B59 /* Debug */ = {
			isa = XCBuildConfiguration;
			buildSettings = {
				ALWAYS_EMBED_SWIFT_STANDARD_LIBRARIES = YES;
				BUNDLE_LOADER = "$(TEST_HOST)";
				CODE_SIGN_STYLE = Automatic;
				CURRENT_PROJECT_VERSION = 1;
				DEVELOPMENT_TEAM = 756N86X6Q9;
				GENERATE_INFOPLIST_FILE = YES;
				IPHONEOS_DEPLOYMENT_TARGET = 15.5;
				MARKETING_VERSION = 1.0;
				PRODUCT_BUNDLE_IDENTIFIER = com.matcartmill.TowerTests;
				PRODUCT_NAME = "$(TARGET_NAME)";
				SWIFT_EMIT_LOC_STRINGS = NO;
				SWIFT_VERSION = 5.0;
				TARGETED_DEVICE_FAMILY = "1,2";
				TEST_HOST = "$(BUILT_PRODUCTS_DIR)/Tower.app/Tower";
			};
			name = Debug;
		};
		8292BE0628A958B700471B59 /* Release */ = {
			isa = XCBuildConfiguration;
			buildSettings = {
				ALWAYS_EMBED_SWIFT_STANDARD_LIBRARIES = YES;
				BUNDLE_LOADER = "$(TEST_HOST)";
				CODE_SIGN_STYLE = Automatic;
				CURRENT_PROJECT_VERSION = 1;
				DEVELOPMENT_TEAM = 756N86X6Q9;
				GENERATE_INFOPLIST_FILE = YES;
				IPHONEOS_DEPLOYMENT_TARGET = 15.5;
				MARKETING_VERSION = 1.0;
				PRODUCT_BUNDLE_IDENTIFIER = com.matcartmill.TowerTests;
				PRODUCT_NAME = "$(TARGET_NAME)";
				SWIFT_EMIT_LOC_STRINGS = NO;
				SWIFT_VERSION = 5.0;
				TARGETED_DEVICE_FAMILY = "1,2";
				TEST_HOST = "$(BUILT_PRODUCTS_DIR)/Tower.app/Tower";
			};
			name = Release;
		};
		8292BE0828A958B700471B59 /* Debug */ = {
			isa = XCBuildConfiguration;
			buildSettings = {
				ALWAYS_EMBED_SWIFT_STANDARD_LIBRARIES = YES;
				CODE_SIGN_STYLE = Automatic;
				CURRENT_PROJECT_VERSION = 1;
				DEVELOPMENT_TEAM = 756N86X6Q9;
				GENERATE_INFOPLIST_FILE = YES;
				MARKETING_VERSION = 1.0;
				PRODUCT_BUNDLE_IDENTIFIER = com.matcartmill.TowerUITests;
				PRODUCT_NAME = "$(TARGET_NAME)";
				SWIFT_EMIT_LOC_STRINGS = NO;
				SWIFT_VERSION = 5.0;
				TARGETED_DEVICE_FAMILY = "1,2";
				TEST_TARGET_NAME = Tower;
			};
			name = Debug;
		};
		8292BE0928A958B700471B59 /* Release */ = {
			isa = XCBuildConfiguration;
			buildSettings = {
				ALWAYS_EMBED_SWIFT_STANDARD_LIBRARIES = YES;
				CODE_SIGN_STYLE = Automatic;
				CURRENT_PROJECT_VERSION = 1;
				DEVELOPMENT_TEAM = 756N86X6Q9;
				GENERATE_INFOPLIST_FILE = YES;
				MARKETING_VERSION = 1.0;
				PRODUCT_BUNDLE_IDENTIFIER = com.matcartmill.TowerUITests;
				PRODUCT_NAME = "$(TARGET_NAME)";
				SWIFT_EMIT_LOC_STRINGS = NO;
				SWIFT_VERSION = 5.0;
				TARGETED_DEVICE_FAMILY = "1,2";
				TEST_TARGET_NAME = Tower;
			};
			name = Release;
		};
/* End XCBuildConfiguration section */

/* Begin XCConfigurationList section */
		8292BDD828A958B600471B59 /* Build configuration list for PBXProject "Tower" */ = {
			isa = XCConfigurationList;
			buildConfigurations = (
				8292BDFF28A958B700471B59 /* Debug */,
				8292BE0028A958B700471B59 /* Release */,
			);
			defaultConfigurationIsVisible = 0;
			defaultConfigurationName = Release;
		};
		8292BE0128A958B700471B59 /* Build configuration list for PBXNativeTarget "Tower" */ = {
			isa = XCConfigurationList;
			buildConfigurations = (
				8292BE0228A958B700471B59 /* Debug */,
				8292BE0328A958B700471B59 /* Release */,
			);
			defaultConfigurationIsVisible = 0;
			defaultConfigurationName = Release;
		};
		8292BE0428A958B700471B59 /* Build configuration list for PBXNativeTarget "TowerTests" */ = {
			isa = XCConfigurationList;
			buildConfigurations = (
				8292BE0528A958B700471B59 /* Debug */,
				8292BE0628A958B700471B59 /* Release */,
			);
			defaultConfigurationIsVisible = 0;
			defaultConfigurationName = Release;
		};
		8292BE0728A958B700471B59 /* Build configuration list for PBXNativeTarget "TowerUITests" */ = {
			isa = XCConfigurationList;
			buildConfigurations = (
				8292BE0828A958B700471B59 /* Debug */,
				8292BE0928A958B700471B59 /* Release */,
			);
			defaultConfigurationIsVisible = 0;
			defaultConfigurationName = Release;
		};
/* End XCConfigurationList section */

/* Begin XCRemoteSwiftPackageReference section */
		829832BD28E7267600A05525 /* XCRemoteSwiftPackageReference "swift-composable-architecture" */ = {
			isa = XCRemoteSwiftPackageReference;
			repositoryURL = "https://github.com/pointfreeco/swift-composable-architecture";
			requirement = {
				kind = upToNextMajorVersion;
				minimumVersion = 0.39.1;
			};
		};
/* End XCRemoteSwiftPackageReference section */

/* Begin XCSwiftPackageProductDependency section */
		829832B428E6958700A05525 /* DomainKit */ = {
			isa = XCSwiftPackageProductDependency;
			productName = DomainKit;
		};
		829832BA28E6981900A05525 /* Toolbox */ = {
			isa = XCSwiftPackageProductDependency;
			productName = Toolbox;
		};
		829832BE28E7267600A05525 /* ComposableArchitecture */ = {
			isa = XCSwiftPackageProductDependency;
			package = 829832BD28E7267600A05525 /* XCRemoteSwiftPackageReference "swift-composable-architecture" */;
			productName = ComposableArchitecture;
		};
/* End XCSwiftPackageProductDependency section */
	};
	rootObject = 8292BDD528A958B600471B59 /* Project object */;
}
